{
  "version": 4,
  "terraform_version": "0.12.29",
  "serial": 10,
  "lineage": "a48402a3-c7ce-299b-9953-570d46e62621",
  "outputs": {
    "eks_cluster_certificat_authority": {
      "value": [
        {
          "data": "LS0tLS1CRUdJTiBDRVJUSUZJQ0FURS0tLS0tCk1JSUN5RENDQWJDZ0F3SUJBZ0lCQURBTkJna3Foa2lHOXcwQkFRc0ZBREFWTVJNd0VRWURWUVFERXdwcmRXSmwKY201bGRHVnpNQjRYRFRJd01URXdPREV4TWprek5sb1hEVE13TVRFd05qRXhNamt6Tmxvd0ZURVRNQkVHQTFVRQpBeE1LYTNWaVpYSnVaWFJsY3pDQ0FTSXdEUVlKS29aSWh2Y05BUUVCQlFBRGdnRVBBRENDQVFvQ2dnRUJBTmx1CmR2NVI3dk5PZ0d6eWJJRWJSNXRwd1d6eC9UUWdTS2MrcXZHekpCNnJ5ZVpYR1ZDZnBkWHBCcDg1cnErcllwNGwKUXBYa1oxVkFkNVVzVnBhOG9QWWdKb2ViS3c2VHlGc2xhWmpVWGR3MlYwM3Z5MWExZVBSdTVxZXFiTG5jYnM1NgpXeitVWXZpaUJTOVhOWnJ1NklKZkU2amVkQWtwcVJwcGRjbXRIRWRDMlNYdzhLV3lrVFk0aklzTFhUNm02WHgrClZFK3M5NGpNckhEemZpZmFQZWNtelBEak1TclNBYmtHTXdHVGZ4SlF1T3ZSYjRVK0hrVUhVVS8vdzl1UVNhc1kKSVdOOXNSS3VLZUlZbVdhMzdkcGFLSkgxMGJlWWRaaytMYXlMK2ZoQUltOGl3VTY4OVgxK2cvZHFVc3JmT2V5MQpUSjdKTmJsTVgzUGFKNkttRnpzQ0F3RUFBYU1qTUNFd0RnWURWUjBQQVFIL0JBUURBZ0trTUE4R0ExVWRFd0VCCi93UUZNQU1CQWY4d0RRWUpLb1pJaHZjTkFRRUxCUUFEZ2dFQkFKMjBkNzFQaXRXVUtXNXFPTitBOC9razEvOGoKUFdXa015aUQrVDdkSWliaXVNSk1WY2c2MWgvWW13QUtENjBNU0JJdjNLbHM3aVppNFcwNUROKzcrWVpxem9Yago0ZWhGa2NrLzJhM3JyS290VTRCSGFQSENSYjlIWTJZKzArNW9CNUtvQVJBenFtckZDc01ubklYaUxuRk0xVG9ICit6cUllTXlVODQvcDR5UHR0c3lac21sYm5YUDAzRUNiWHpxbTBsT256cDd2UlhDTEl2b2ZiL09MUTJzSHBJVUUKVEpQbzAwU3JUNVMzZXMxekM2Q0xSTTJxYkw1RTU1ZzA2YXd0TUdTbjROeGo1YXU2U20ySnZVc0dQdnQzNVBRawp4dGFKaWhIamtoZm02VjBxa2ZIS3Y5c2J4d2g2NGdVRVhMT1hpTExUM04rOGJFZ2RsNW54OHp2dWFSaz0KLS0tLS1FTkQgQ0VSVElGSUNBVEUtLS0tLQo="
        }
      ],
      "type": [
        "list",
        [
          "object",
          {
            "data": "string"
          }
        ]
      ]
    },
    "eks_cluster_endpoint": {
      "value": "https://324E7278B2869080A31F6FFCFDF829CE.sk1.eu-west-3.eks.amazonaws.com",
      "type": "string"
    }
  },
  "resources": [
    {
      "mode": "managed",
      "type": "aws_eks_cluster",
      "name": "aws_eks",
      "provider": "provider.aws",
      "instances": [
        {
          "schema_version": 0,
          "attributes": {
            "arn": "arn:aws:eks:eu-west-3:405684954588:cluster/eks_cluster_tuto",
            "certificate_authority": [
              {
                "data": "LS0tLS1CRUdJTiBDRVJUSUZJQ0FURS0tLS0tCk1JSUN5RENDQWJDZ0F3SUJBZ0lCQURBTkJna3Foa2lHOXcwQkFRc0ZBREFWTVJNd0VRWURWUVFERXdwcmRXSmwKY201bGRHVnpNQjRYRFRJd01URXdPREV4TWprek5sb1hEVE13TVRFd05qRXhNamt6Tmxvd0ZURVRNQkVHQTFVRQpBeE1LYTNWaVpYSnVaWFJsY3pDQ0FTSXdEUVlKS29aSWh2Y05BUUVCQlFBRGdnRVBBRENDQVFvQ2dnRUJBTmx1CmR2NVI3dk5PZ0d6eWJJRWJSNXRwd1d6eC9UUWdTS2MrcXZHekpCNnJ5ZVpYR1ZDZnBkWHBCcDg1cnErcllwNGwKUXBYa1oxVkFkNVVzVnBhOG9QWWdKb2ViS3c2VHlGc2xhWmpVWGR3MlYwM3Z5MWExZVBSdTVxZXFiTG5jYnM1NgpXeitVWXZpaUJTOVhOWnJ1NklKZkU2amVkQWtwcVJwcGRjbXRIRWRDMlNYdzhLV3lrVFk0aklzTFhUNm02WHgrClZFK3M5NGpNckhEemZpZmFQZWNtelBEak1TclNBYmtHTXdHVGZ4SlF1T3ZSYjRVK0hrVUhVVS8vdzl1UVNhc1kKSVdOOXNSS3VLZUlZbVdhMzdkcGFLSkgxMGJlWWRaaytMYXlMK2ZoQUltOGl3VTY4OVgxK2cvZHFVc3JmT2V5MQpUSjdKTmJsTVgzUGFKNkttRnpzQ0F3RUFBYU1qTUNFd0RnWURWUjBQQVFIL0JBUURBZ0trTUE4R0ExVWRFd0VCCi93UUZNQU1CQWY4d0RRWUpLb1pJaHZjTkFRRUxCUUFEZ2dFQkFKMjBkNzFQaXRXVUtXNXFPTitBOC9razEvOGoKUFdXa015aUQrVDdkSWliaXVNSk1WY2c2MWgvWW13QUtENjBNU0JJdjNLbHM3aVppNFcwNUROKzcrWVpxem9Yago0ZWhGa2NrLzJhM3JyS290VTRCSGFQSENSYjlIWTJZKzArNW9CNUtvQVJBenFtckZDc01ubklYaUxuRk0xVG9ICit6cUllTXlVODQvcDR5UHR0c3lac21sYm5YUDAzRUNiWHpxbTBsT256cDd2UlhDTEl2b2ZiL09MUTJzSHBJVUUKVEpQbzAwU3JUNVMzZXMxekM2Q0xSTTJxYkw1RTU1ZzA2YXd0TUdTbjROeGo1YXU2U20ySnZVc0dQdnQzNVBRawp4dGFKaWhIamtoZm02VjBxa2ZIS3Y5c2J4d2g2NGdVRVhMT1hpTExUM04rOGJFZ2RsNW54OHp2dWFSaz0KLS0tLS1FTkQgQ0VSVElGSUNBVEUtLS0tLQo="
              }
            ],
            "created_at": "2020-11-08 11:20:10.627 +0000 UTC",
            "enabled_cluster_log_types": null,
            "encryption_config": [],
            "endpoint": "https://324E7278B2869080A31F6FFCFDF829CE.sk1.eu-west-3.eks.amazonaws.com",
            "id": "eks_cluster_tuto",
            "identity": [
              {
                "oidc": [
                  {
                    "issuer": "https://oidc.eks.eu-west-3.amazonaws.com/id/324E7278B2869080A31F6FFCFDF829CE"
                  }
                ]
              }
            ],
            "name": "eks_cluster_tuto",
            "platform_version": "eks.4",
            "role_arn": "arn:aws:iam::405684954588:role/eks-cluster",
            "status": "ACTIVE",
            "tags": {
              "Name": "EKS_tuto"
            },
            "timeouts": null,
            "version": "1.17",
            "vpc_config": [
              {
                "cluster_security_group_id": "sg-0ad1e50faa4365de4",
                "endpoint_private_access": false,
                "endpoint_public_access": true,
                "public_access_cidrs": [
                  "0.0.0.0/0"
                ],
                "security_group_ids": null,
                "subnet_ids": [
                  "subnet-170b246c",
                  "subnet-2d077760",
                  "subnet-5c667235"
                ],
                "vpc_id": "vpc-1355bb7b"
              }
            ]
          },
          "private": "eyJlMmJmYjczMC1lY2FhLTExZTYtOGY4OC0zNDM2M2JjN2M0YzAiOnsiY3JlYXRlIjoxODAwMDAwMDAwMDAwLCJkZWxldGUiOjkwMDAwMDAwMDAwMCwidXBkYXRlIjozNjAwMDAwMDAwMDAwfX0=",
          "dependencies": [
            "aws_iam_role.eks_cluster"
          ]
        }
      ]
    },
    {
      "mode": "managed",
      "type": "aws_eks_node_group",
      "name": "node",
      "provider": "provider.aws",
      "instances": [
        {
          "schema_version": 0,
          "attributes": {
            "ami_type": "AL2_x86_64",
            "arn": "arn:aws:eks:eu-west-3:405684954588:nodegroup/eks_cluster_tuto/node_tuto/5abad3d0-f4f4-a66b-49a1-369fa19457a0",
            "cluster_name": "eks_cluster_tuto",
            "disk_size": 20,
            "force_update_version": null,
            "id": "eks_cluster_tuto:node_tuto",
            "instance_types": [
              "t3.medium"
            ],
            "labels": null,
            "launch_template": [],
            "node_group_name": "node_tuto",
            "node_role_arn": "arn:aws:iam::405684954588:role/eks-node-group-tuto",
            "release_version": "1.17.11-20201007",
            "remote_access": [],
            "resources": [
              {
                "autoscaling_groups": [
                  {
                    "name": "eks-5abad3d0-f4f4-a66b-49a1-369fa19457a0"
                  }
                ],
                "remote_access_security_group_id": ""
              }
            ],
            "scaling_config": [
              {
                "desired_size": 1,
                "max_size": 1,
                "min_size": 1
              }
            ],
            "status": "ACTIVE",
            "subnet_ids": [
              "subnet-170b246c",
              "subnet-2d077760",
              "subnet-5c667235"
            ],
            "tags": null,
            "timeouts": null,
            "version": "1.17"
          },
          "private": "eyJlMmJmYjczMC1lY2FhLTExZTYtOGY4OC0zNDM2M2JjN2M0YzAiOnsiY3JlYXRlIjozNjAwMDAwMDAwMDAwLCJkZWxldGUiOjM2MDAwMDAwMDAwMDAsInVwZGF0ZSI6MzYwMDAwMDAwMDAwMH19",
          "dependencies": [
            "aws_eks_cluster.aws_eks",
            "aws_iam_role.eks_cluster",
            "aws_iam_role.eks_nodes",
            "aws_iam_role_policy_attachment.AmazonEC2ContainerRegistryReadOnly",
            "aws_iam_role_policy_attachment.AmazonEKSWorkerNodePolicy",
            "aws_iam_role_policy_attachment.AmazonEKS_CNI_Policy"
          ]
        }
      ]
    },
    {
      "mode": "managed",
      "type": "aws_iam_role",
      "name": "eks_cluster",
      "provider": "provider.aws",
      "instances": [
        {
          "schema_version": 0,
          "attributes": {
            "arn": "arn:aws:iam::405684954588:role/eks-cluster",
            "assume_role_policy": "{\"Version\":\"2012-10-17\",\"Statement\":[{\"Effect\":\"Allow\",\"Principal\":{\"Service\":\"eks.amazonaws.com\"},\"Action\":\"sts:AssumeRole\"}]}",
            "create_date": "2020-11-08T11:20:06Z",
            "description": "",
            "force_detach_policies": false,
            "id": "eks-cluster",
            "max_session_duration": 3600,
            "name": "eks-cluster",
            "name_prefix": null,
            "path": "/",
            "permissions_boundary": null,
            "tags": null,
            "unique_id": "AROAV45FVEXOFBYDWDCQH"
          },
          "private": "bnVsbA=="
        }
      ]
    },
    {
      "mode": "managed",
      "type": "aws_iam_role",
      "name": "eks_nodes",
      "provider": "provider.aws",
      "instances": [
        {
          "schema_version": 0,
          "attributes": {
            "arn": "arn:aws:iam::405684954588:role/eks-node-group-tuto",
            "assume_role_policy": "{\"Version\":\"2012-10-17\",\"Statement\":[{\"Effect\":\"Allow\",\"Principal\":{\"Service\":\"ec2.amazonaws.com\"},\"Action\":\"sts:AssumeRole\"}]}",
            "create_date": "2020-11-08T11:20:06Z",
            "description": "",
            "force_detach_policies": false,
            "id": "eks-node-group-tuto",
            "max_session_duration": 3600,
            "name": "eks-node-group-tuto",
            "name_prefix": null,
            "path": "/",
            "permissions_boundary": null,
            "tags": null,
            "unique_id": "AROAV45FVEXOL7P5Z5QFX"
          },
          "private": "bnVsbA=="
        }
      ]
    },
    {
      "mode": "managed",
      "type": "aws_iam_role_policy_attachment",
      "name": "AmazonEC2ContainerRegistryReadOnly",
      "provider": "provider.aws",
      "instances": [
        {
          "schema_version": 0,
          "attributes": {
            "id": "eks-node-group-tuto-20201108112007839200000002",
            "policy_arn": "arn:aws:iam::aws:policy/AmazonEC2ContainerRegistryReadOnly",
            "role": "eks-node-group-tuto"
          },
          "private": "bnVsbA==",
          "dependencies": [
            "aws_iam_role.eks_nodes"
          ]
        }
      ]
    },
    {
      "mode": "managed",
      "type": "aws_iam_role_policy_attachment",
      "name": "AmazonEKSClusterPolicy",
      "provider": "provider.aws",
      "instances": [
        {
          "schema_version": 0,
          "attributes": {
            "id": "eks-cluster-20201108112007886300000005",
            "policy_arn": "arn:aws:iam::aws:policy/AmazonEKSClusterPolicy",
            "role": "eks-cluster"
          },
          "private": "bnVsbA==",
          "dependencies": [
            "aws_iam_role.eks_cluster"
          ]
        }
      ]
    },
    {
      "mode": "managed",
      "type": "aws_iam_role_policy_attachment",
      "name": "AmazonEKSServicePolicy",
      "provider": "provider.aws",
      "instances": [
        {
          "schema_version": 0,
          "attributes": {
            "id": "eks-cluster-20201108112007871100000004",
            "policy_arn": "arn:aws:iam::aws:policy/AmazonEKSServicePolicy",
            "role": "eks-cluster"
          },
          "private": "bnVsbA==",
          "dependencies": [
            "aws_iam_role.eks_cluster"
          ]
        }
      ]
    },
    {
      "mode": "managed",
      "type": "aws_iam_role_policy_attachment",
      "name": "AmazonEKSWorkerNodePolicy",
      "provider": "provider.aws",
      "instances": [
        {
          "schema_version": 0,
          "attributes": {
            "id": "eks-node-group-tuto-20201108112007841900000003",
            "policy_arn": "arn:aws:iam::aws:policy/AmazonEKSWorkerNodePolicy",
            "role": "eks-node-group-tuto"
          },
          "private": "bnVsbA==",
          "dependencies": [
            "aws_iam_role.eks_nodes"
          ]
        }
      ]
    },
    {
      "mode": "managed",
      "type": "aws_iam_role_policy_attachment",
      "name": "AmazonEKS_CNI_Policy",
      "provider": "provider.aws",
      "instances": [
        {
          "schema_version": 0,
          "attributes": {
            "id": "eks-node-group-tuto-20201108112007832900000001",
            "policy_arn": "arn:aws:iam::aws:policy/AmazonEKS_CNI_Policy",
            "role": "eks-node-group-tuto"
          },
          "private": "bnVsbA==",
          "dependencies": [
            "aws_iam_role.eks_nodes"
          ]
        }
      ]
    }
  ]
}
