{
  "version": 4,
  "terraform_version": "0.13.5",
  "serial": 11,
  "lineage": "2980056d-6a8b-36ef-025f-f37bf911ec9e",
  "outputs": {
    "eks_cluster_certificat_authority": {
      "value": [
        {
          "data": "LS0tLS1CRUdJTiBDRVJUSUZJQ0FURS0tLS0tCk1JSUN5RENDQWJDZ0F3SUJBZ0lCQURBTkJna3Foa2lHOXcwQkFRc0ZBREFWTVJNd0VRWURWUVFERXdwcmRXSmwKY201bGRHVnpNQjRYRFRJd01URXdPVEV5TURFek9Gb1hEVE13TVRFd056RXlNREV6T0Zvd0ZURVRNQkVHQTFVRQpBeE1LYTNWaVpYSnVaWFJsY3pDQ0FTSXdEUVlKS29aSWh2Y05BUUVCQlFBRGdnRVBBRENDQVFvQ2dnRUJBTHNFClUycEIzNXNPZldRWVlEZEx2N01jQlFGNGs1d2RUb2taZzBtV04wbWE4VHlSUktDZjJuMkd6UWZqVVVJYlpVQloKMHNwSzNGS2FYZlpsYlpWWlZaVW5GMlZOdG1LanMxbWZQNWVMeCsvME9UWEhaSzdnbDZPVWxCdlRjL2NRS0xGeQowTWVkcm5kSjU1YW9VaytGTHhWaWo2eVQvOC9ISU1sbjVOZkVUdFFQckVyZm1xd0Eva3ovRFRuN0pscjZrcjNqCnJLWmh2cFk2bWdLSVlDT0Q2ZHQyUGoxY0FyVmprcjdvbGZKQXdyZHFkdWVDeURwVXBXSzV6RXBTOVhKOGNvNlQKOHNVakJ6aEtnNUJvMzZsYVBVQ1VWa3hUb2tqWThHKzdsM2lQb1M5ZEhTRDVhY1duNzJudVRCRE5Nd0cvUWkyWgpmLzRMaVJ1a2NsYW5iVlN3eUdFQ0F3RUFBYU1qTUNFd0RnWURWUjBQQVFIL0JBUURBZ0trTUE4R0ExVWRFd0VCCi93UUZNQU1CQWY4d0RRWUpLb1pJaHZjTkFRRUxCUUFEZ2dFQkFEa1piZXBFRFZ5Vm5pT2dyTUZsQTQvY0h6VU4Ka01xZ1RhTDN4d2RzN3p2aGdvWFFlTVJ0T09OenNuMThmMVI3M2MrM2d1Q001WWxFRkFDemZHZTgySGllTHZuVQpiWno5UVB1S0lSSU9VWEhXWDlUcUxpYXlzK3VFUlloRXZCZllJKzByaHlHK1pyVXFUQWxCY0JtZFk4eXFzUUxtCkNveVluYTU2aFc1SGk0TEN0YVdGdk9rbzcveC9YMzlKWEYrVWozRFhMem9TSVBXN2dSMU5ZNFdaR0pveGhpZkoKVUQyK2lyYWdmQzJ4TWUwb05uQVY2NW5kUDJISyt6ZkNXSllnQXo3bmdzRFhPTHUxekNmU3lnMXB3dzl6SHpRVQpwTGxoZ1Z2L2ZRRmFpbzI0ZVJ4L0tMSHBlZUZ6MWx3b3JPRUUxaCtvSnZBOWxOMGNmOEJ6Y1QwTjhEWT0KLS0tLS1FTkQgQ0VSVElGSUNBVEUtLS0tLQo="
        }
      ],
      "type": [
        "list",
        [
          "object",
          {
            "data": "string"
          }
        ]
      ]
    },
    "eks_cluster_endpoint": {
      "value": "https://35B75CCBE71FAB10A4DBF7F4D1436848.gr7.eu-central-1.eks.amazonaws.com",
      "type": "string"
    }
  },
  "resources": [
    {
      "mode": "managed",
      "type": "aws_eks_cluster",
      "name": "aws_eks",
      "provider": "provider[\"registry.terraform.io/hashicorp/aws\"]",
      "instances": [
        {
          "schema_version": 0,
          "attributes": {
            "arn": "arn:aws:eks:eu-central-1:161492719483:cluster/eks_cluster_tuto",
            "certificate_authority": [
              {
                "data": "LS0tLS1CRUdJTiBDRVJUSUZJQ0FURS0tLS0tCk1JSUN5RENDQWJDZ0F3SUJBZ0lCQURBTkJna3Foa2lHOXcwQkFRc0ZBREFWTVJNd0VRWURWUVFERXdwcmRXSmwKY201bGRHVnpNQjRYRFRJd01URXdPVEV5TURFek9Gb1hEVE13TVRFd056RXlNREV6T0Zvd0ZURVRNQkVHQTFVRQpBeE1LYTNWaVpYSnVaWFJsY3pDQ0FTSXdEUVlKS29aSWh2Y05BUUVCQlFBRGdnRVBBRENDQVFvQ2dnRUJBTHNFClUycEIzNXNPZldRWVlEZEx2N01jQlFGNGs1d2RUb2taZzBtV04wbWE4VHlSUktDZjJuMkd6UWZqVVVJYlpVQloKMHNwSzNGS2FYZlpsYlpWWlZaVW5GMlZOdG1LanMxbWZQNWVMeCsvME9UWEhaSzdnbDZPVWxCdlRjL2NRS0xGeQowTWVkcm5kSjU1YW9VaytGTHhWaWo2eVQvOC9ISU1sbjVOZkVUdFFQckVyZm1xd0Eva3ovRFRuN0pscjZrcjNqCnJLWmh2cFk2bWdLSVlDT0Q2ZHQyUGoxY0FyVmprcjdvbGZKQXdyZHFkdWVDeURwVXBXSzV6RXBTOVhKOGNvNlQKOHNVakJ6aEtnNUJvMzZsYVBVQ1VWa3hUb2tqWThHKzdsM2lQb1M5ZEhTRDVhY1duNzJudVRCRE5Nd0cvUWkyWgpmLzRMaVJ1a2NsYW5iVlN3eUdFQ0F3RUFBYU1qTUNFd0RnWURWUjBQQVFIL0JBUURBZ0trTUE4R0ExVWRFd0VCCi93UUZNQU1CQWY4d0RRWUpLb1pJaHZjTkFRRUxCUUFEZ2dFQkFEa1piZXBFRFZ5Vm5pT2dyTUZsQTQvY0h6VU4Ka01xZ1RhTDN4d2RzN3p2aGdvWFFlTVJ0T09OenNuMThmMVI3M2MrM2d1Q001WWxFRkFDemZHZTgySGllTHZuVQpiWno5UVB1S0lSSU9VWEhXWDlUcUxpYXlzK3VFUlloRXZCZllJKzByaHlHK1pyVXFUQWxCY0JtZFk4eXFzUUxtCkNveVluYTU2aFc1SGk0TEN0YVdGdk9rbzcveC9YMzlKWEYrVWozRFhMem9TSVBXN2dSMU5ZNFdaR0pveGhpZkoKVUQyK2lyYWdmQzJ4TWUwb05uQVY2NW5kUDJISyt6ZkNXSllnQXo3bmdzRFhPTHUxekNmU3lnMXB3dzl6SHpRVQpwTGxoZ1Z2L2ZRRmFpbzI0ZVJ4L0tMSHBlZUZ6MWx3b3JPRUUxaCtvSnZBOWxOMGNmOEJ6Y1QwTjhEWT0KLS0tLS1FTkQgQ0VSVElGSUNBVEUtLS0tLQo="
              }
            ],
            "created_at": "2020-11-09 11:53:36.182 +0000 UTC",
            "enabled_cluster_log_types": null,
            "encryption_config": [],
            "endpoint": "https://35B75CCBE71FAB10A4DBF7F4D1436848.gr7.eu-central-1.eks.amazonaws.com",
            "id": "eks_cluster_tuto",
            "identity": [
              {
                "oidc": [
                  {
                    "issuer": "https://oidc.eks.eu-central-1.amazonaws.com/id/35B75CCBE71FAB10A4DBF7F4D1436848"
                  }
                ]
              }
            ],
            "name": "eks_cluster_tuto",
            "platform_version": "eks.4",
            "role_arn": "arn:aws:iam::161492719483:role/eks-cluster",
            "status": "ACTIVE",
            "tags": {
              "Name": "EKS"
            },
            "timeouts": null,
            "version": "1.17",
            "vpc_config": [
              {
                "cluster_security_group_id": "sg-02625f72b0de68930",
                "endpoint_private_access": false,
                "endpoint_public_access": true,
                "public_access_cidrs": [
                  "0.0.0.0/0"
                ],
                "security_group_ids": null,
                "subnet_ids": [
                  "subnet-33108e59",
                  "subnet-419e450d"
                ],
                "vpc_id": "vpc-66c87e0c"
              }
            ]
          },
          "private": "eyJlMmJmYjczMC1lY2FhLTExZTYtOGY4OC0zNDM2M2JjN2M0YzAiOnsiY3JlYXRlIjoxODAwMDAwMDAwMDAwLCJkZWxldGUiOjkwMDAwMDAwMDAwMCwidXBkYXRlIjozNjAwMDAwMDAwMDAwfX0=",
          "dependencies": [
            "aws_iam_role.eks_cluster"
          ]
        }
      ]
    },
    {
      "mode": "managed",
      "type": "aws_eks_node_group",
      "name": "node",
      "provider": "provider[\"registry.terraform.io/hashicorp/aws\"]",
      "instances": [
        {
          "schema_version": 0,
          "attributes": {
            "ami_type": "AL2_x86_64",
            "arn": "arn:aws:eks:eu-central-1:161492719483:nodegroup/eks_cluster_tuto/node_tuto/9cbad673-b4d1-ef78-dc17-11b670f82c0c",
            "cluster_name": "eks_cluster_tuto",
            "disk_size": 20,
            "force_update_version": null,
            "id": "eks_cluster_tuto:node_tuto",
            "instance_types": [
              "t3.medium"
            ],
            "labels": null,
            "launch_template": [],
            "node_group_name": "node_tuto",
            "node_role_arn": "arn:aws:iam::161492719483:role/eks-node-group-tuto",
            "release_version": "1.17.11-20201007",
            "remote_access": [],
            "resources": [
              {
                "autoscaling_groups": [
                  {
                    "name": "eks-9cbad673-b4d1-ef78-dc17-11b670f82c0c"
                  }
                ],
                "remote_access_security_group_id": ""
              }
            ],
            "scaling_config": [
              {
                "desired_size": 1,
                "max_size": 1,
                "min_size": 1
              }
            ],
            "status": "ACTIVE",
            "subnet_ids": [
              "subnet-33108e59",
              "subnet-419e450d"
            ],
            "tags": null,
            "timeouts": null,
            "version": "1.17"
          },
          "private": "eyJlMmJmYjczMC1lY2FhLTExZTYtOGY4OC0zNDM2M2JjN2M0YzAiOnsiY3JlYXRlIjozNjAwMDAwMDAwMDAwLCJkZWxldGUiOjM2MDAwMDAwMDAwMDAsInVwZGF0ZSI6MzYwMDAwMDAwMDAwMH19",
          "dependencies": [
            "aws_eks_cluster.aws_eks",
            "aws_iam_role.eks_cluster",
            "aws_iam_role.eks_nodes",
            "aws_iam_role_policy_attachment.AmazonEC2ContainerRegistryReadOnly",
            "aws_iam_role_policy_attachment.AmazonEKSWorkerNodePolicy",
            "aws_iam_role_policy_attachment.AmazonEKS_CNI_Policy"
          ]
        }
      ]
    },
    {
      "mode": "managed",
      "type": "aws_iam_role",
      "name": "eks_cluster",
      "provider": "provider[\"registry.terraform.io/hashicorp/aws\"]",
      "instances": [
        {
          "schema_version": 0,
          "attributes": {
            "arn": "arn:aws:iam::161492719483:role/eks-cluster",
            "assume_role_policy": "{\"Version\":\"2012-10-17\",\"Statement\":[{\"Effect\":\"Allow\",\"Principal\":{\"Service\":\"eks.amazonaws.com\"},\"Action\":\"sts:AssumeRole\"}]}",
            "create_date": "2020-11-09T11:52:14Z",
            "description": "",
            "force_detach_policies": false,
            "id": "eks-cluster",
            "max_session_duration": 3600,
            "name": "eks-cluster",
            "name_prefix": null,
            "path": "/",
            "permissions_boundary": null,
            "tags": {},
            "unique_id": "AROASLGNXK55Y5OWOVBQI"
          },
          "private": "bnVsbA=="
        }
      ]
    },
    {
      "mode": "managed",
      "type": "aws_iam_role",
      "name": "eks_nodes",
      "provider": "provider[\"registry.terraform.io/hashicorp/aws\"]",
      "instances": [
        {
          "schema_version": 0,
          "attributes": {
            "arn": "arn:aws:iam::161492719483:role/eks-node-group-tuto",
            "assume_role_policy": "{\"Version\":\"2012-10-17\",\"Statement\":[{\"Effect\":\"Allow\",\"Principal\":{\"Service\":\"ec2.amazonaws.com\"},\"Action\":\"sts:AssumeRole\"}]}",
            "create_date": "2020-11-09T11:52:14Z",
            "description": "",
            "force_detach_policies": false,
            "id": "eks-node-group-tuto",
            "max_session_duration": 3600,
            "name": "eks-node-group-tuto",
            "name_prefix": null,
            "path": "/",
            "permissions_boundary": null,
            "tags": {},
            "unique_id": "AROASLGNXK55RFX5AJYZC"
          },
          "private": "bnVsbA=="
        }
      ]
    },
    {
      "mode": "managed",
      "type": "aws_iam_role_policy_attachment",
      "name": "AmazonEC2ContainerRegistryReadOnly",
      "provider": "provider[\"registry.terraform.io/hashicorp/aws\"]",
      "instances": [
        {
          "schema_version": 0,
          "attributes": {
            "id": "eks-node-group-tuto-20201109115216422100000002",
            "policy_arn": "arn:aws:iam::aws:policy/AmazonEC2ContainerRegistryReadOnly",
            "role": "eks-node-group-tuto"
          },
          "private": "bnVsbA==",
          "dependencies": [
            "aws_iam_role.eks_nodes"
          ]
        }
      ]
    },
    {
      "mode": "managed",
      "type": "aws_iam_role_policy_attachment",
      "name": "AmazonEKSClusterPolicy",
      "provider": "provider[\"registry.terraform.io/hashicorp/aws\"]",
      "instances": [
        {
          "schema_version": 0,
          "attributes": {
            "id": "eks-cluster-20201109115216653100000004",
            "policy_arn": "arn:aws:iam::aws:policy/AmazonEKSClusterPolicy",
            "role": "eks-cluster"
          },
          "private": "bnVsbA==",
          "dependencies": [
            "aws_iam_role.eks_cluster"
          ]
        }
      ]
    },
    {
      "mode": "managed",
      "type": "aws_iam_role_policy_attachment",
      "name": "AmazonEKSServicePolicy",
      "provider": "provider[\"registry.terraform.io/hashicorp/aws\"]",
      "instances": [
        {
          "schema_version": 0,
          "attributes": {
            "id": "eks-cluster-20201109115216665400000005",
            "policy_arn": "arn:aws:iam::aws:policy/AmazonEKSServicePolicy",
            "role": "eks-cluster"
          },
          "private": "bnVsbA==",
          "dependencies": [
            "aws_iam_role.eks_cluster"
          ]
        }
      ]
    },
    {
      "mode": "managed",
      "type": "aws_iam_role_policy_attachment",
      "name": "AmazonEKSWorkerNodePolicy",
      "provider": "provider[\"registry.terraform.io/hashicorp/aws\"]",
      "instances": [
        {
          "schema_version": 0,
          "attributes": {
            "id": "eks-node-group-tuto-20201109115216419400000001",
            "policy_arn": "arn:aws:iam::aws:policy/AmazonEKSWorkerNodePolicy",
            "role": "eks-node-group-tuto"
          },
          "private": "bnVsbA==",
          "dependencies": [
            "aws_iam_role.eks_nodes"
          ]
        }
      ]
    },
    {
      "mode": "managed",
      "type": "aws_iam_role_policy_attachment",
      "name": "AmazonEKS_CNI_Policy",
      "provider": "provider[\"registry.terraform.io/hashicorp/aws\"]",
      "instances": [
        {
          "schema_version": 0,
          "attributes": {
            "id": "eks-node-group-tuto-20201109115216465100000003",
            "policy_arn": "arn:aws:iam::aws:policy/AmazonEKS_CNI_Policy",
            "role": "eks-node-group-tuto"
          },
          "private": "bnVsbA==",
          "dependencies": [
            "aws_iam_role.eks_nodes"
          ]
        }
      ]
    }
  ]
}
