{
  "version": 4,
  "terraform_version": "0.13.5",
  "serial": 1199,
  "lineage": "c975d509-7fbb-8dda-e4ce-ebcc11d789a2",
  "outputs": {},
  "resources": [
    {
      "mode": "data",
      "type": "aws_availability_zones",
      "name": "azs",
      "provider": "provider[\"registry.terraform.io/hashicorp/aws\"]",
      "instances": [
        {
          "schema_version": 0,
          "attributes": {
            "all_availability_zones": null,
            "exclude_names": null,
            "exclude_zone_ids": null,
            "filter": null,
            "group_names": [
              "us-east-1"
            ],
            "id": "us-east-1",
            "names": [
              "us-east-1a",
              "us-east-1b",
              "us-east-1c",
              "us-east-1d",
              "us-east-1e",
              "us-east-1f"
            ],
            "state": null,
            "zone_ids": [
              "use1-az4",
              "use1-az6",
              "use1-az1",
              "use1-az2",
              "use1-az3",
              "use1-az5"
            ]
          }
        }
      ]
    },
    {
      "mode": "data",
      "type": "aws_eks_cluster",
      "name": "cluster",
      "provider": "provider[\"registry.terraform.io/hashicorp/aws\"]",
      "instances": [
        {
          "schema_version": 0,
          "attributes": {
            "arn": "arn:aws:eks:us-east-1:093157296769:cluster/eks-crash",
            "certificate_authority": [
              {
                "data": "LS0tLS1CRUdJTiBDRVJUSUZJQ0FURS0tLS0tCk1JSUN5RENDQWJDZ0F3SUJBZ0lCQURBTkJna3Foa2lHOXcwQkFRc0ZBREFWTVJNd0VRWURWUVFERXdwcmRXSmwKY201bGRHVnpNQjRYRFRJd01USXdOakU0TXpJeE5Gb1hEVE13TVRJd05ERTRNekl4TkZvd0ZURVRNQkVHQTFVRQpBeE1LYTNWaVpYSnVaWFJsY3pDQ0FTSXdEUVlKS29aSWh2Y05BUUVCQlFBRGdnRVBBRENDQVFvQ2dnRUJBTHlhCmhiUW53a2VudXIrTW9Jd3F2RGJoRm9oZDVkQnYrOWtsZFZIRjBuNUMwWmtuWXRNQkRiZVhvOE02dHk4Tkx4RXIKN1Z2RUdFNWRjRFVzYlhtTnFDSXVTT2cva2xGVEd2QkloOEZCVmtSY1VLMkZTVG1OUHRmUEhnM2lZR1MxVU13dApEb1BoWTI2QzJtbkN3Ni9sVnNuajkzK012ZHlPcU1MWVdINGVHVkJXQ3hlYiswT1ZDYlB3UGx4ejlZbzM1ZkhiClFlQkh5RDdscUVTdThGRzBMV1pDek82eG1jelhMeC9VR1VyTng5ek40emM1VkxCWDhSdXNlcUYxd0dIREE5UjAKSGEzR1g5YVQ5NTVNQlNxanVGZ01RSk5tcVJPcHNGQm1XcjFQdkNOcTJPZno2MksxODh5YTVieUlkdEpCNnV5LwpNS1lQS2xuSjhJM1BDZ2FscytrQ0F3RUFBYU1qTUNFd0RnWURWUjBQQVFIL0JBUURBZ0trTUE4R0ExVWRFd0VCCi93UUZNQU1CQWY4d0RRWUpLb1pJaHZjTkFRRUxCUUFEZ2dFQkFCcE93eUdkbFIwWmtVTnA3WGFURkNIUGl3VHEKSHNFS2FTVG1OUjExblVKRUZUVzdHaXhKRFFsS25ScWE1eDJNL1hBTFR0V2xNWE02NzNMaFhOSEdTQ0VzdGRHZQp0QlZQSEVNZFQ1SzVNd2VXNXZ0MHRuQXBMYmVLTTYrQVVGT3h5N3FTWnJrQ2VPakM5ZGl0UnpqZzBxWUoyQnBqCkwvYzVxdG8zRW84NVJQdnpHcWtTQWpFWk1sc1ZkUzZ1NTdHVXo4cTNkbGhmeWNxaHZvV1ZxSklYWHlERHQwaEYKNjB3MHp6eTVva3ZYeWs5SEUyR0xpUEV0OS9QWXM2YkNhUVVsZ0FaRC8vNFZhN2J2VnRyWmwyL3hpdXBxbjlkbQpzMy9MMFpwbWRPK3J5ODJnWlR4R0NuUXJKWGNtNEV0WXM2U2dIdkxzRFBuSTJ1V2ozOUFBWVEyMjBUTT0KLS0tLS1FTkQgQ0VSVElGSUNBVEUtLS0tLQo="
              }
            ],
            "created_at": "2020-12-06 18:20:53.482 +0000 UTC",
            "enabled_cluster_log_types": [],
            "endpoint": "https://9347371D80579914C8DE365AB7B2DFAC.gr7.us-east-1.eks.amazonaws.com",
            "id": "eks-crash",
            "identity": [
              {
                "oidc": [
                  {
                    "issuer": "https://oidc.eks.us-east-1.amazonaws.com/id/9347371D80579914C8DE365AB7B2DFAC"
                  }
                ]
              }
            ],
            "name": "eks-crash",
            "platform_version": "eks.5",
            "role_arn": "arn:aws:iam::093157296769:role/eks-crash20201206182032057500000001",
            "status": "ACTIVE",
            "tags": {},
            "version": "1.17",
            "vpc_config": [
              {
                "cluster_security_group_id": "sg-01cdc93a0f2f3f3bf",
                "endpoint_private_access": false,
                "endpoint_public_access": true,
                "public_access_cidrs": [
                  "0.0.0.0/0"
                ],
                "security_group_ids": [
                  "sg-0c394e84e28cea082"
                ],
                "subnet_ids": [
                  "subnet-04bea58b0477f787c",
                  "subnet-0f12376abcdd42e01"
                ],
                "vpc_id": "vpc-0584cc86f9e786184"
              }
            ]
          }
        }
      ]
    },
    {
      "mode": "data",
      "type": "aws_eks_cluster_auth",
      "name": "cluster",
      "provider": "provider[\"registry.terraform.io/hashicorp/aws\"]",
      "instances": [
        {
          "schema_version": 0,
          "attributes": {
            "id": "eks-crash",
            "name": "eks-crash",
            "token": "k8s-aws-v1.aHR0cHM6Ly9zdHMuYW1hem9uYXdzLmNvbS8_QWN0aW9uPUdldENhbGxlcklkZW50aXR5JlZlcnNpb249MjAxMS0wNi0xNSZYLUFtei1BbGdvcml0aG09QVdTNC1ITUFDLVNIQTI1NiZYLUFtei1DcmVkZW50aWFsPUFLSUFSTE1FM1JLQVNOR1BUSzZLJTJGMjAyMDEyMDYlMkZ1cy1lYXN0LTElMkZzdHMlMkZhd3M0X3JlcXVlc3QmWC1BbXotRGF0ZT0yMDIwMTIwNlQxOTQ4NDVaJlgtQW16LUV4cGlyZXM9MCZYLUFtei1TaWduZWRIZWFkZXJzPWhvc3QlM0J4LWs4cy1hd3MtaWQmWC1BbXotU2lnbmF0dXJlPTQ1NGVlZjgyMjM0Y2YwYjZlODU1Mzc1Y2E1YmU1YmFmNzdjNmI1OTlmMzFjNDU1MTk4ZTUyMzMyMzE4MjIwOTk"
          }
        }
      ]
    },
    {
      "mode": "data",
      "type": "aws_iam_policy_document",
      "name": "datadog_aws_integration",
      "provider": "provider[\"registry.terraform.io/hashicorp/aws\"]",
      "instances": [
        {
          "schema_version": 0,
          "attributes": {
            "id": "1616967816",
            "json": "{\n  \"Version\": \"2012-10-17\",\n  \"Statement\": [\n    {\n      \"Sid\": \"\",\n      \"Effect\": \"Allow\",\n      \"Action\": [\n        \"xray:GetTraceSummaries\",\n        \"xray:BatchGetTraces\",\n        \"tag:GetTagValues\",\n        \"tag:GetTagKeys\",\n        \"tag:GetResources\",\n        \"support:*\",\n        \"states:ListStateMachines\",\n        \"states:DescribeStateMachine\",\n        \"sqs:ListQueues\",\n        \"sns:Publish\",\n        \"sns:List*\",\n        \"ses:Get*\",\n        \"s3:PutBucketNotification\",\n        \"s3:ListAllMyBuckets\",\n        \"s3:GetBucketTagging\",\n        \"s3:GetBucketNotification\",\n        \"s3:GetBucketLogging\",\n        \"s3:GetBucketLocation\",\n        \"route53:List*\",\n        \"redshift:DescribeLoggingStatus\",\n        \"redshift:DescribeClusters\",\n        \"rds:List*\",\n        \"rds:Describe*\",\n        \"logs:TestMetricFilter\",\n        \"logs:PutSubscriptionFilter\",\n        \"logs:FilterLogEvents\",\n        \"logs:DescribeSubscriptionFilters\",\n        \"logs:DescribeLogStreams\",\n        \"logs:DescribeLogGroups\",\n        \"logs:DeleteSubscriptionFilter\",\n        \"lambda:RemovePermission\",\n        \"lambda:List*\",\n        \"lambda:GetPolicy\",\n        \"lambda:AddPermission\",\n        \"kinesis:List*\",\n        \"kinesis:Describe*\",\n        \"health:DescribeEvents\",\n        \"health:DescribeEventDetails\",\n        \"health:DescribeAffectedEntities\",\n        \"es:ListTags\",\n        \"es:ListDomainNames\",\n        \"es:DescribeElasticsearchDomains\",\n        \"elasticmapreduce:List*\",\n        \"elasticmapreduce:Describe*\",\n        \"elasticloadbalancing:Describe*\",\n        \"elasticfilesystem:DescribeTags\",\n        \"elasticfilesystem:DescribeFileSystems\",\n        \"elasticfilesystem:DescribeAccessPoints\",\n        \"elasticache:List*\",\n        \"elasticache:Describe*\",\n        \"ecs:List*\",\n        \"ecs:Describe*\",\n        \"ec2:Describe*\",\n        \"dynamodb:List*\",\n        \"dynamodb:Describe*\",\n        \"directconnect:Describe*\",\n        \"codedeploy:List*\",\n        \"codedeploy:BatchGet*\",\n        \"cloudwatch:List*\",\n        \"cloudwatch:Get*\",\n        \"cloudwatch:Describe*\",\n        \"cloudtrail:LookupEvents\",\n        \"cloudtrail:GetTrailStatus\",\n        \"cloudtrail:DescribeTrails\",\n        \"cloudfront:ListDistributions\",\n        \"cloudfront:GetDistributionConfig\",\n        \"budgets:ViewBudget\",\n        \"autoscaling:Describe*\",\n        \"apigateway:GET\"\n      ],\n      \"Resource\": \"*\"\n    }\n  ]\n}",
            "override_json": null,
            "policy_id": null,
            "source_json": null,
            "statement": [
              {
                "actions": [
                  "apigateway:GET",
                  "autoscaling:Describe*",
                  "budgets:ViewBudget",
                  "cloudfront:GetDistributionConfig",
                  "cloudfront:ListDistributions",
                  "cloudtrail:DescribeTrails",
                  "cloudtrail:GetTrailStatus",
                  "cloudtrail:LookupEvents",
                  "cloudwatch:Describe*",
                  "cloudwatch:Get*",
                  "cloudwatch:List*",
                  "codedeploy:BatchGet*",
                  "codedeploy:List*",
                  "directconnect:Describe*",
                  "dynamodb:Describe*",
                  "dynamodb:List*",
                  "ec2:Describe*",
                  "ecs:Describe*",
                  "ecs:List*",
                  "elasticache:Describe*",
                  "elasticache:List*",
                  "elasticfilesystem:DescribeAccessPoints",
                  "elasticfilesystem:DescribeFileSystems",
                  "elasticfilesystem:DescribeTags",
                  "elasticloadbalancing:Describe*",
                  "elasticmapreduce:Describe*",
                  "elasticmapreduce:List*",
                  "es:DescribeElasticsearchDomains",
                  "es:ListDomainNames",
                  "es:ListTags",
                  "health:DescribeAffectedEntities",
                  "health:DescribeEventDetails",
                  "health:DescribeEvents",
                  "kinesis:Describe*",
                  "kinesis:List*",
                  "lambda:AddPermission",
                  "lambda:GetPolicy",
                  "lambda:List*",
                  "lambda:RemovePermission",
                  "logs:DeleteSubscriptionFilter",
                  "logs:DescribeLogGroups",
                  "logs:DescribeLogStreams",
                  "logs:DescribeSubscriptionFilters",
                  "logs:FilterLogEvents",
                  "logs:PutSubscriptionFilter",
                  "logs:TestMetricFilter",
                  "rds:Describe*",
                  "rds:List*",
                  "redshift:DescribeClusters",
                  "redshift:DescribeLoggingStatus",
                  "route53:List*",
                  "s3:GetBucketLocation",
                  "s3:GetBucketLogging",
                  "s3:GetBucketNotification",
                  "s3:GetBucketTagging",
                  "s3:ListAllMyBuckets",
                  "s3:PutBucketNotification",
                  "ses:Get*",
                  "sns:List*",
                  "sns:Publish",
                  "sqs:ListQueues",
                  "states:DescribeStateMachine",
                  "states:ListStateMachines",
                  "support:*",
                  "tag:GetResources",
                  "tag:GetTagKeys",
                  "tag:GetTagValues",
                  "xray:BatchGetTraces",
                  "xray:GetTraceSummaries"
                ],
                "condition": [],
                "effect": "Allow",
                "not_actions": [],
                "not_principals": [],
                "not_resources": [],
                "principals": [],
                "resources": [
                  "*"
                ],
                "sid": ""
              }
            ],
            "version": "2012-10-17"
          }
        }
      ]
    },
    {
      "mode": "data",
      "type": "aws_iam_policy_document",
      "name": "datadog_aws_integration_assume_role",
      "provider": "provider[\"registry.terraform.io/hashicorp/aws\"]",
      "instances": [
        {
          "schema_version": 0,
          "attributes": {
            "id": "2069395050",
            "json": "{\n  \"Version\": \"2012-10-17\",\n  \"Statement\": [\n    {\n      \"Sid\": \"\",\n      \"Effect\": \"Allow\",\n      \"Action\": \"sts:AssumeRole\",\n      \"Principal\": {\n        \"AWS\": \"arn:aws:iam::464622532012:root\"\n      },\n      \"Condition\": {\n        \"StringEquals\": {\n          \"sts:ExternalId\": \"31f858add2494c02b27255a4dd84bf8b\"\n        }\n      }\n    }\n  ]\n}",
            "override_json": null,
            "policy_id": null,
            "source_json": null,
            "statement": [
              {
                "actions": [
                  "sts:AssumeRole"
                ],
                "condition": [
                  {
                    "test": "StringEquals",
                    "values": [
                      "31f858add2494c02b27255a4dd84bf8b"
                    ],
                    "variable": "sts:ExternalId"
                  }
                ],
                "effect": "Allow",
                "not_actions": [],
                "not_principals": [],
                "not_resources": [],
                "principals": [
                  {
                    "identifiers": [
                      "arn:aws:iam::464622532012:root"
                    ],
                    "type": "AWS"
                  }
                ],
                "resources": [],
                "sid": ""
              }
            ],
            "version": "2012-10-17"
          }
        }
      ]
    },
    {
      "mode": "managed",
      "type": "aws_iam_policy",
      "name": "datadog_aws_integration",
      "provider": "provider[\"registry.terraform.io/hashicorp/aws\"]",
      "instances": [
        {
          "schema_version": 0,
          "attributes": {
            "arn": "arn:aws:iam::093157296769:policy/DatadogAWSIntegrationPolicy",
            "description": "",
            "id": "arn:aws:iam::093157296769:policy/DatadogAWSIntegrationPolicy",
            "name": "DatadogAWSIntegrationPolicy",
            "name_prefix": null,
            "path": "/",
            "policy": "{\n  \"Version\": \"2012-10-17\",\n  \"Statement\": [\n    {\n      \"Sid\": \"\",\n      \"Effect\": \"Allow\",\n      \"Action\": [\n        \"xray:GetTraceSummaries\",\n        \"xray:BatchGetTraces\",\n        \"tag:GetTagValues\",\n        \"tag:GetTagKeys\",\n        \"tag:GetResources\",\n        \"support:*\",\n        \"states:ListStateMachines\",\n        \"states:DescribeStateMachine\",\n        \"sqs:ListQueues\",\n        \"sns:Publish\",\n        \"sns:List*\",\n        \"ses:Get*\",\n        \"s3:PutBucketNotification\",\n        \"s3:ListAllMyBuckets\",\n        \"s3:GetBucketTagging\",\n        \"s3:GetBucketNotification\",\n        \"s3:GetBucketLogging\",\n        \"s3:GetBucketLocation\",\n        \"route53:List*\",\n        \"redshift:DescribeLoggingStatus\",\n        \"redshift:DescribeClusters\",\n        \"rds:List*\",\n        \"rds:Describe*\",\n        \"logs:TestMetricFilter\",\n        \"logs:PutSubscriptionFilter\",\n        \"logs:FilterLogEvents\",\n        \"logs:DescribeSubscriptionFilters\",\n        \"logs:DescribeLogStreams\",\n        \"logs:DescribeLogGroups\",\n        \"logs:DeleteSubscriptionFilter\",\n        \"lambda:RemovePermission\",\n        \"lambda:List*\",\n        \"lambda:GetPolicy\",\n        \"lambda:AddPermission\",\n        \"kinesis:List*\",\n        \"kinesis:Describe*\",\n        \"health:DescribeEvents\",\n        \"health:DescribeEventDetails\",\n        \"health:DescribeAffectedEntities\",\n        \"es:ListTags\",\n        \"es:ListDomainNames\",\n        \"es:DescribeElasticsearchDomains\",\n        \"elasticmapreduce:List*\",\n        \"elasticmapreduce:Describe*\",\n        \"elasticloadbalancing:Describe*\",\n        \"elasticfilesystem:DescribeTags\",\n        \"elasticfilesystem:DescribeFileSystems\",\n        \"elasticfilesystem:DescribeAccessPoints\",\n        \"elasticache:List*\",\n        \"elasticache:Describe*\",\n        \"ecs:List*\",\n        \"ecs:Describe*\",\n        \"ec2:Describe*\",\n        \"dynamodb:List*\",\n        \"dynamodb:Describe*\",\n        \"directconnect:Describe*\",\n        \"codedeploy:List*\",\n        \"codedeploy:BatchGet*\",\n        \"cloudwatch:List*\",\n        \"cloudwatch:Get*\",\n        \"cloudwatch:Describe*\",\n        \"cloudtrail:LookupEvents\",\n        \"cloudtrail:GetTrailStatus\",\n        \"cloudtrail:DescribeTrails\",\n        \"cloudfront:ListDistributions\",\n        \"cloudfront:GetDistributionConfig\",\n        \"budgets:ViewBudget\",\n        \"autoscaling:Describe*\",\n        \"apigateway:GET\"\n      ],\n      \"Resource\": \"*\"\n    }\n  ]\n}"
          },
          "private": "bnVsbA==",
          "dependencies": [
            "data.aws_iam_policy_document.datadog_aws_integration"
          ]
        }
      ]
    },
    {
      "mode": "managed",
      "type": "aws_iam_role",
      "name": "datadog_aws_integration",
      "provider": "provider[\"registry.terraform.io/hashicorp/aws\"]",
      "instances": [
        {
          "schema_version": 0,
          "attributes": {
            "arn": "arn:aws:iam::093157296769:role/DatadogAWSIntegrationRole",
            "assume_role_policy": "{\"Version\":\"2012-10-17\",\"Statement\":[{\"Sid\":\"\",\"Effect\":\"Allow\",\"Principal\":{\"AWS\":\"arn:aws:iam::464622532012:root\"},\"Action\":\"sts:AssumeRole\",\"Condition\":{\"StringEquals\":{\"sts:ExternalId\":\"31f858add2494c02b27255a4dd84bf8b\"}}}]}",
            "create_date": "2020-12-06T18:20:32Z",
            "description": "Role for Datadog AWS Integration",
            "force_detach_policies": false,
            "id": "DatadogAWSIntegrationRole",
            "max_session_duration": 3600,
            "name": "DatadogAWSIntegrationRole",
            "name_prefix": null,
            "path": "/",
            "permissions_boundary": null,
            "tags": {},
            "unique_id": "AROARLME3RKAVFJH2Q3IQ"
          },
          "private": "bnVsbA==",
          "dependencies": [
            "data.aws_iam_policy_document.datadog_aws_integration_assume_role"
          ]
        }
      ]
    },
    {
      "mode": "managed",
      "type": "aws_iam_role_policy_attachment",
      "name": "datadog_aws_integration",
      "provider": "provider[\"registry.terraform.io/hashicorp/aws\"]",
      "instances": [
        {
          "schema_version": 0,
          "attributes": {
            "id": "DatadogAWSIntegrationRole-20201206182034814300000005",
            "policy_arn": "arn:aws:iam::093157296769:policy/DatadogAWSIntegrationPolicy",
            "role": "DatadogAWSIntegrationRole"
          },
          "private": "bnVsbA==",
          "dependencies": [
            "aws_iam_policy.datadog_aws_integration",
            "aws_iam_role.datadog_aws_integration",
            "data.aws_iam_policy_document.datadog_aws_integration",
            "data.aws_iam_policy_document.datadog_aws_integration_assume_role"
          ]
        }
      ]
    },
    {
      "mode": "managed",
      "type": "aws_internet_gateway",
      "name": "igw",
      "provider": "provider[\"registry.terraform.io/hashicorp/aws\"]",
      "instances": [
        {
          "schema_version": 0,
          "attributes": {
            "arn": "arn:aws:ec2:us-east-1:093157296769:internet-gateway/igw-070dc636cc71a3dc2",
            "id": "igw-070dc636cc71a3dc2",
            "owner_id": "093157296769",
            "tags": {
              "Name": "eks-crash-igw"
            },
            "vpc_id": "vpc-0584cc86f9e786184"
          },
          "private": "bnVsbA==",
          "dependencies": [
            "aws_vpc.vpc"
          ]
        }
      ]
    },
    {
      "mode": "managed",
      "type": "aws_route_table",
      "name": "public",
      "provider": "provider[\"registry.terraform.io/hashicorp/aws\"]",
      "instances": [
        {
          "schema_version": 0,
          "attributes": {
            "id": "rtb-091a5b7afcb17eddb",
            "owner_id": "093157296769",
            "propagating_vgws": [],
            "route": [
              {
                "cidr_block": "0.0.0.0/0",
                "egress_only_gateway_id": "",
                "gateway_id": "igw-070dc636cc71a3dc2",
                "instance_id": "",
                "ipv6_cidr_block": "",
                "local_gateway_id": "",
                "nat_gateway_id": "",
                "network_interface_id": "",
                "transit_gateway_id": "",
                "vpc_endpoint_id": "",
                "vpc_peering_connection_id": ""
              }
            ],
            "tags": {
              "Name": "eks-crash-public"
            },
            "vpc_id": "vpc-0584cc86f9e786184"
          },
          "private": "bnVsbA==",
          "dependencies": [
            "aws_internet_gateway.igw",
            "aws_vpc.vpc"
          ]
        }
      ]
    },
    {
      "mode": "managed",
      "type": "aws_route_table_association",
      "name": "public1",
      "provider": "provider[\"registry.terraform.io/hashicorp/aws\"]",
      "instances": [
        {
          "schema_version": 0,
          "attributes": {
            "gateway_id": null,
            "id": "rtbassoc-064b4e250ff5361c6",
            "route_table_id": "rtb-091a5b7afcb17eddb",
            "subnet_id": "subnet-04bea58b0477f787c"
          },
          "private": "bnVsbA==",
          "dependencies": [
            "aws_internet_gateway.igw",
            "aws_route_table.public",
            "aws_subnet.public1",
            "aws_vpc.vpc",
            "data.aws_availability_zones.azs"
          ]
        }
      ]
    },
    {
      "mode": "managed",
      "type": "aws_route_table_association",
      "name": "public2",
      "provider": "provider[\"registry.terraform.io/hashicorp/aws\"]",
      "instances": [
        {
          "schema_version": 0,
          "attributes": {
            "gateway_id": null,
            "id": "rtbassoc-0808858430c98fc2c",
            "route_table_id": "rtb-091a5b7afcb17eddb",
            "subnet_id": "subnet-0f12376abcdd42e01"
          },
          "private": "bnVsbA==",
          "dependencies": [
            "aws_internet_gateway.igw",
            "aws_route_table.public",
            "aws_subnet.public2",
            "aws_vpc.vpc",
            "data.aws_availability_zones.azs"
          ]
        }
      ]
    },
    {
      "mode": "managed",
      "type": "aws_subnet",
      "name": "public1",
      "provider": "provider[\"registry.terraform.io/hashicorp/aws\"]",
      "instances": [
        {
          "schema_version": 1,
          "attributes": {
            "arn": "arn:aws:ec2:us-east-1:093157296769:subnet/subnet-04bea58b0477f787c",
            "assign_ipv6_address_on_creation": false,
            "availability_zone": "us-east-1a",
            "availability_zone_id": "use1-az4",
            "cidr_block": "172.40.1.0/24",
            "id": "subnet-04bea58b0477f787c",
            "ipv6_cidr_block": "",
            "ipv6_cidr_block_association_id": "",
            "map_public_ip_on_launch": true,
            "outpost_arn": "",
            "owner_id": "093157296769",
            "tags": {
              "Name": "eks-crash-public-1",
              "kubernetes.io/cluster/eks-crash": "shared"
            },
            "timeouts": null,
            "vpc_id": "vpc-0584cc86f9e786184"
          },
          "private": "eyJlMmJmYjczMC1lY2FhLTExZTYtOGY4OC0zNDM2M2JjN2M0YzAiOnsiY3JlYXRlIjo2MDAwMDAwMDAwMDAsImRlbGV0ZSI6MTIwMDAwMDAwMDAwMH0sInNjaGVtYV92ZXJzaW9uIjoiMSJ9",
          "dependencies": [
            "aws_vpc.vpc",
            "data.aws_availability_zones.azs"
          ]
        }
      ]
    },
    {
      "mode": "managed",
      "type": "aws_subnet",
      "name": "public2",
      "provider": "provider[\"registry.terraform.io/hashicorp/aws\"]",
      "instances": [
        {
          "schema_version": 1,
          "attributes": {
            "arn": "arn:aws:ec2:us-east-1:093157296769:subnet/subnet-0f12376abcdd42e01",
            "assign_ipv6_address_on_creation": false,
            "availability_zone": "us-east-1b",
            "availability_zone_id": "use1-az6",
            "cidr_block": "172.40.2.0/24",
            "id": "subnet-0f12376abcdd42e01",
            "ipv6_cidr_block": "",
            "ipv6_cidr_block_association_id": "",
            "map_public_ip_on_launch": true,
            "outpost_arn": "",
            "owner_id": "093157296769",
            "tags": {
              "Name": "eks-crash-public-2",
              "kubernetes.io/cluster/eks-crash": "shared"
            },
            "timeouts": null,
            "vpc_id": "vpc-0584cc86f9e786184"
          },
          "private": "eyJlMmJmYjczMC1lY2FhLTExZTYtOGY4OC0zNDM2M2JjN2M0YzAiOnsiY3JlYXRlIjo2MDAwMDAwMDAwMDAsImRlbGV0ZSI6MTIwMDAwMDAwMDAwMH0sInNjaGVtYV92ZXJzaW9uIjoiMSJ9",
          "dependencies": [
            "aws_vpc.vpc",
            "data.aws_availability_zones.azs"
          ]
        }
      ]
    },
    {
      "mode": "managed",
      "type": "aws_vpc",
      "name": "vpc",
      "provider": "provider[\"registry.terraform.io/hashicorp/aws\"]",
      "instances": [
        {
          "schema_version": 1,
          "attributes": {
            "arn": "arn:aws:ec2:us-east-1:093157296769:vpc/vpc-0584cc86f9e786184",
            "assign_generated_ipv6_cidr_block": false,
            "cidr_block": "172.40.0.0/16",
            "default_network_acl_id": "acl-06f89cad05c5d4992",
            "default_route_table_id": "rtb-0c7af750fc64f39ea",
            "default_security_group_id": "sg-0cb93c3b78d78b5ca",
            "dhcp_options_id": "dopt-d592f8af",
            "enable_classiclink": false,
            "enable_classiclink_dns_support": false,
            "enable_dns_hostnames": false,
            "enable_dns_support": true,
            "id": "vpc-0584cc86f9e786184",
            "instance_tenancy": "default",
            "ipv6_association_id": "",
            "ipv6_cidr_block": "",
            "main_route_table_id": "rtb-0c7af750fc64f39ea",
            "owner_id": "093157296769",
            "tags": {
              "Name": "eks-crash-vpc"
            }
          },
          "private": "eyJzY2hlbWFfdmVyc2lvbiI6IjEifQ=="
        }
      ]
    },
    {
      "mode": "managed",
      "type": "datadog_monitor",
      "name": "cpumonitor",
      "provider": "provider[\"registry.terraform.io/datadog/datadog\"]",
      "instances": [
        {
          "schema_version": 0,
          "attributes": {
            "enable_logs_sample": null,
            "escalation_message": "",
            "evaluation_delay": 0,
            "force_delete": null,
            "id": "484226",
            "include_tags": true,
            "locked": false,
            "message": "{{#is_alert}}CPU Monitor Panic!!!{{/is_alert}}@sahay@mailinator.com\n{{#is_warning}}CPU Monitor Alert!{{/is_warning}}@sahay@mailinator.com",
            "name": "cpu monitor",
            "new_host_delay": 300,
            "no_data_timeframe": 0,
            "notify_audit": true,
            "notify_no_data": false,
            "priority": 0,
            "query": "avg(last_1m):avg:system.cpu.user{*} by {host} \u003e 80",
            "renotify_interval": 0,
            "require_full_window": false,
            "silenced": {},
            "tags": [],
            "threshold_windows": {},
            "thresholds": {
              "critical": "80",
              "warning": "50"
            },
            "timeout_h": 0,
            "type": "metric alert",
            "validate": null
          },
          "private": "bnVsbA=="
        }
      ]
    },
    {
      "mode": "managed",
      "type": "datadog_monitor",
      "name": "disk_usage",
      "provider": "provider[\"registry.terraform.io/datadog/datadog\"]",
      "instances": [
        {
          "schema_version": 0,
          "attributes": {
            "enable_logs_sample": null,
            "escalation_message": "",
            "evaluation_delay": 0,
            "force_delete": null,
            "id": "484228",
            "include_tags": true,
            "locked": false,
            "message": "{{#is_alert}}Disk Monitor Panic!!!{{/is_alert}}@sahay@mailinator.com\n{{#is_warning}}Disk Monitor Alert!{{/is_warning}}@sahay@mailinator.com",
            "name": "disk usage",
            "new_host_delay": 300,
            "no_data_timeframe": 0,
            "notify_audit": true,
            "notify_no_data": false,
            "priority": 0,
            "query": "avg(last_1m):max:system.disk.in_use{*} by {host} \u003e 80",
            "renotify_interval": 0,
            "require_full_window": false,
            "silenced": {},
            "tags": [],
            "threshold_windows": {},
            "thresholds": {
              "critical": "80",
              "warning": "50"
            },
            "timeout_h": 0,
            "type": "metric alert",
            "validate": null
          },
          "private": "bnVsbA=="
        }
      ]
    },
    {
      "mode": "managed",
      "type": "datadog_monitor",
      "name": "memory",
      "provider": "provider[\"registry.terraform.io/datadog/datadog\"]",
      "instances": [
        {
          "schema_version": 0,
          "attributes": {
            "enable_logs_sample": null,
            "escalation_message": "",
            "evaluation_delay": 0,
            "force_delete": null,
            "id": "484227",
            "include_tags": true,
            "locked": false,
            "message": "{{#is_alert}}Memory Monitor Panic!!!{{/is_alert}}@sahay@mailinator.com\n{{#is_warning}}Memory Monitor Alert!  {{/is_warning}}@sahay@mailinator.com",
            "name": "memory",
            "new_host_delay": 300,
            "no_data_timeframe": 0,
            "notify_audit": true,
            "notify_no_data": false,
            "priority": 0,
            "query": "avg(last_1m):avg:system.mem.used{*} by {host} \u003e 980000000",
            "renotify_interval": 0,
            "require_full_window": false,
            "silenced": {},
            "tags": [],
            "threshold_windows": {},
            "thresholds": {
              "critical": "9.8e+08",
              "warning": "7e+08"
            },
            "timeout_h": 0,
            "type": "metric alert",
            "validate": null
          },
          "private": "bnVsbA=="
        }
      ]
    },
    {
      "mode": "managed",
      "type": "kubernetes_deployment",
      "name": "miner",
      "provider": "provider[\"registry.terraform.io/hashicorp/kubernetes\"]",
      "instances": [
        {
          "schema_version": 0,
          "attributes": {
            "id": "default/scalable-miner",
            "metadata": [
              {
                "annotations": {},
                "generate_name": "",
                "generation": 2,
                "labels": {
                  "App": "scalableminer"
                },
                "name": "scalable-miner",
                "namespace": "default",
                "resource_version": "13708",
                "self_link": "/apis/apps/v1/namespaces/default/deployments/scalable-miner",
                "uid": "158d70fc-31ea-427d-835a-3c2f8f6fa0a5"
              }
            ],
            "spec": [
              {
                "min_ready_seconds": 0,
                "paused": false,
                "progress_deadline_seconds": 600,
                "replicas": 3,
                "revision_history_limit": 10,
                "selector": [
                  {
                    "match_expressions": [],
                    "match_labels": {
                      "App": "scalableminer"
                    }
                  }
                ],
                "strategy": [
                  {
                    "rolling_update": [
                      {
                        "max_surge": "25%",
                        "max_unavailable": "25%"
                      }
                    ],
                    "type": "RollingUpdate"
                  }
                ],
                "template": [
                  {
                    "metadata": [
                      {
                        "annotations": {},
                        "generate_name": "",
                        "generation": 0,
                        "labels": {
                          "App": "scalableminer"
                        },
                        "name": "",
                        "namespace": "",
                        "resource_version": "",
                        "self_link": "",
                        "uid": ""
                      }
                    ],
                    "spec": [
                      {
                        "active_deadline_seconds": 0,
                        "affinity": [],
                        "automount_service_account_token": false,
                        "container": [
                          {
                            "args": [],
                            "command": [
                              "cpuminer",
                              "-a",
                              "qubit",
                              "-o",
                              "stratum+tcp://52.11.201.217:3012",
                              "-u",
                              "DUSVnzc6zWbrWqrRVaZGC7pkT519Lwvmbs"
                            ],
                            "env": [],
                            "env_from": [],
                            "image": "wernight/cpuminer-multi:alpine",
                            "image_pull_policy": "IfNotPresent",
                            "lifecycle": [],
                            "liveness_probe": [],
                            "name": "miner",
                            "port": [],
                            "readiness_probe": [],
                            "resources": [
                              {
                                "limits": [],
                                "requests": []
                              }
                            ],
                            "security_context": [],
                            "startup_probe": [],
                            "stdin": false,
                            "stdin_once": false,
                            "termination_message_path": "/dev/termination-log",
                            "termination_message_policy": "File",
                            "tty": false,
                            "volume_mount": [],
                            "working_dir": ""
                          },
                          {
                            "args": [],
                            "command": [],
                            "env": [],
                            "env_from": [],
                            "image": "sahay/ddagent:v2",
                            "image_pull_policy": "IfNotPresent",
                            "lifecycle": [],
                            "liveness_probe": [],
                            "name": "ddagent",
                            "port": [],
                            "readiness_probe": [],
                            "resources": [
                              {
                                "limits": [],
                                "requests": []
                              }
                            ],
                            "security_context": [],
                            "startup_probe": [],
                            "stdin": false,
                            "stdin_once": false,
                            "termination_message_path": "/dev/termination-log",
                            "termination_message_policy": "File",
                            "tty": false,
                            "volume_mount": [],
                            "working_dir": ""
                          }
                        ],
                        "dns_config": [],
                        "dns_policy": "ClusterFirst",
                        "enable_service_links": true,
                        "host_aliases": [],
                        "host_ipc": false,
                        "host_network": false,
                        "host_pid": false,
                        "hostname": "",
                        "image_pull_secrets": [],
                        "init_container": [],
                        "node_name": "",
                        "node_selector": {},
                        "priority_class_name": "",
                        "readiness_gate": [],
                        "restart_policy": "Always",
                        "security_context": [],
                        "service_account_name": "",
                        "share_process_namespace": false,
                        "subdomain": "",
                        "termination_grace_period_seconds": 30,
                        "toleration": [],
                        "volume": []
                      }
                    ]
                  }
                ]
              }
            ],
            "timeouts": {
              "create": "30m",
              "delete": "30m",
              "update": null
            },
            "wait_for_rollout": true
          },
          "private": "eyJlMmJmYjczMC1lY2FhLTExZTYtOGY4OC0zNDM2M2JjN2M0YzAiOnsiY3JlYXRlIjoxODAwMDAwMDAwMDAwLCJkZWxldGUiOjE4MDAwMDAwMDAwMDAsInVwZGF0ZSI6NjAwMDAwMDAwMDAwfX0=",
          "dependencies": [
            "data.aws_eks_cluster.cluster",
            "data.aws_eks_cluster_auth.cluster"
          ]
        }
      ]
    },
    {
      "module": "module.eks",
      "mode": "data",
      "type": "aws_ami",
      "name": "eks_worker",
      "provider": "provider[\"registry.terraform.io/hashicorp/aws\"]",
      "instances": [
        {
          "schema_version": 0,
          "attributes": {
            "architecture": "x86_64",
            "arn": "arn:aws:ec2:us-east-1::image/ami-0e44cbb6cd97854d0",
            "block_device_mappings": [
              {
                "device_name": "/dev/xvda",
                "ebs": {
                  "delete_on_termination": "true",
                  "encrypted": "false",
                  "iops": "0",
                  "snapshot_id": "snap-023461add227333bc",
                  "volume_size": "20",
                  "volume_type": "gp2"
                },
                "no_device": "",
                "virtual_name": ""
              }
            ],
            "creation_date": "2020-11-26T05:27:33.000Z",
            "description": "EKS Kubernetes Worker AMI with AmazonLinux2 image, (k8s: 1.17.12, docker:19.03.6ce-4.amzn2)",
            "executable_users": null,
            "filter": [
              {
                "name": "name",
                "values": [
                  "amazon-eks-node-1.17-v*"
                ]
              }
            ],
            "hypervisor": "xen",
            "id": "ami-0e44cbb6cd97854d0",
            "image_id": "ami-0e44cbb6cd97854d0",
            "image_location": "amazon/amazon-eks-node-1.17-v20201126",
            "image_owner_alias": "amazon",
            "image_type": "machine",
            "kernel_id": null,
            "most_recent": true,
            "name": "amazon-eks-node-1.17-v20201126",
            "name_regex": null,
            "owner_id": "602401143452",
            "owners": [
              "602401143452"
            ],
            "platform": null,
            "product_codes": [],
            "public": true,
            "ramdisk_id": null,
            "root_device_name": "/dev/xvda",
            "root_device_type": "ebs",
            "root_snapshot_id": "snap-023461add227333bc",
            "sriov_net_support": "simple",
            "state": "available",
            "state_reason": {
              "code": "UNSET",
              "message": "UNSET"
            },
            "tags": {},
            "virtualization_type": "hvm"
          }
        }
      ]
    },
    {
      "module": "module.eks",
      "mode": "data",
      "type": "aws_ami",
      "name": "eks_worker_windows",
      "provider": "provider[\"registry.terraform.io/hashicorp/aws\"]",
      "instances": [
        {
          "schema_version": 0,
          "attributes": {
            "architecture": "x86_64",
            "arn": "arn:aws:ec2:us-east-1::image/ami-024f5c7b82d88a8ae",
            "block_device_mappings": [
              {
                "device_name": "/dev/sda1",
                "ebs": {
                  "delete_on_termination": "true",
                  "encrypted": "false",
                  "iops": "0",
                  "snapshot_id": "snap-02f888382c7a6aa7e",
                  "volume_size": "50",
                  "volume_type": "gp2"
                },
                "no_device": "",
                "virtual_name": ""
              },
              {
                "device_name": "xvdca",
                "ebs": {},
                "no_device": "",
                "virtual_name": "ephemeral0"
              },
              {
                "device_name": "xvdcb",
                "ebs": {},
                "no_device": "",
                "virtual_name": "ephemeral1"
              },
              {
                "device_name": "xvdcc",
                "ebs": {},
                "no_device": "",
                "virtual_name": "ephemeral2"
              },
              {
                "device_name": "xvdcd",
                "ebs": {},
                "no_device": "",
                "virtual_name": "ephemeral3"
              },
              {
                "device_name": "xvdce",
                "ebs": {},
                "no_device": "",
                "virtual_name": "ephemeral4"
              },
              {
                "device_name": "xvdcf",
                "ebs": {},
                "no_device": "",
                "virtual_name": "ephemeral5"
              },
              {
                "device_name": "xvdcg",
                "ebs": {},
                "no_device": "",
                "virtual_name": "ephemeral6"
              },
              {
                "device_name": "xvdch",
                "ebs": {},
                "no_device": "",
                "virtual_name": "ephemeral7"
              },
              {
                "device_name": "xvdci",
                "ebs": {},
                "no_device": "",
                "virtual_name": "ephemeral8"
              },
              {
                "device_name": "xvdcj",
                "ebs": {},
                "no_device": "",
                "virtual_name": "ephemeral9"
              },
              {
                "device_name": "xvdck",
                "ebs": {},
                "no_device": "",
                "virtual_name": "ephemeral10"
              },
              {
                "device_name": "xvdcl",
                "ebs": {},
                "no_device": "",
                "virtual_name": "ephemeral11"
              },
              {
                "device_name": "xvdcm",
                "ebs": {},
                "no_device": "",
                "virtual_name": "ephemeral12"
              },
              {
                "device_name": "xvdcn",
                "ebs": {},
                "no_device": "",
                "virtual_name": "ephemeral13"
              },
              {
                "device_name": "xvdco",
                "ebs": {},
                "no_device": "",
                "virtual_name": "ephemeral14"
              },
              {
                "device_name": "xvdcp",
                "ebs": {},
                "no_device": "",
                "virtual_name": "ephemeral15"
              },
              {
                "device_name": "xvdcq",
                "ebs": {},
                "no_device": "",
                "virtual_name": "ephemeral16"
              },
              {
                "device_name": "xvdcr",
                "ebs": {},
                "no_device": "",
                "virtual_name": "ephemeral17"
              },
              {
                "device_name": "xvdcs",
                "ebs": {},
                "no_device": "",
                "virtual_name": "ephemeral18"
              },
              {
                "device_name": "xvdct",
                "ebs": {},
                "no_device": "",
                "virtual_name": "ephemeral19"
              },
              {
                "device_name": "xvdcu",
                "ebs": {},
                "no_device": "",
                "virtual_name": "ephemeral20"
              },
              {
                "device_name": "xvdcv",
                "ebs": {},
                "no_device": "",
                "virtual_name": "ephemeral21"
              },
              {
                "device_name": "xvdcw",
                "ebs": {},
                "no_device": "",
                "virtual_name": "ephemeral22"
              },
              {
                "device_name": "xvdcx",
                "ebs": {},
                "no_device": "",
                "virtual_name": "ephemeral23"
              },
              {
                "device_name": "xvdcy",
                "ebs": {},
                "no_device": "",
                "virtual_name": "ephemeral24"
              },
              {
                "device_name": "xvdcz",
                "ebs": {},
                "no_device": "",
                "virtual_name": "ephemeral25"
              }
            ],
            "creation_date": "2020-11-12T22:04:34.000Z",
            "description": "Microsoft Windows Server 2019 Core optimized for EKS and provided by Amazon",
            "executable_users": null,
            "filter": [
              {
                "name": "name",
                "values": [
                  "Windows_Server-2019-English-Core-EKS_Optimized-1.17-*"
                ]
              },
              {
                "name": "platform",
                "values": [
                  "windows"
                ]
              }
            ],
            "hypervisor": "xen",
            "id": "ami-024f5c7b82d88a8ae",
            "image_id": "ami-024f5c7b82d88a8ae",
            "image_location": "amazon/Windows_Server-2019-English-Core-EKS_Optimized-1.17-2020.11.12",
            "image_owner_alias": "amazon",
            "image_type": "machine",
            "kernel_id": null,
            "most_recent": true,
            "name": "Windows_Server-2019-English-Core-EKS_Optimized-1.17-2020.11.12",
            "name_regex": null,
            "owner_id": "801119661308",
            "owners": [
              "801119661308"
            ],
            "platform": "windows",
            "product_codes": [],
            "public": true,
            "ramdisk_id": null,
            "root_device_name": "/dev/sda1",
            "root_device_type": "ebs",
            "root_snapshot_id": "snap-02f888382c7a6aa7e",
            "sriov_net_support": "simple",
            "state": "available",
            "state_reason": {
              "code": "UNSET",
              "message": "UNSET"
            },
            "tags": {},
            "virtualization_type": "hvm"
          }
        }
      ]
    },
    {
      "module": "module.eks",
      "mode": "data",
      "type": "aws_caller_identity",
      "name": "current",
      "provider": "provider[\"registry.terraform.io/hashicorp/aws\"]",
      "instances": [
        {
          "schema_version": 0,
          "attributes": {
            "account_id": "093157296769",
            "arn": "arn:aws:iam::093157296769:user/FullAccess",
            "id": "093157296769",
            "user_id": "AIDARLME3RKA34K2MZU3P"
          }
        }
      ]
    },
    {
      "module": "module.eks",
      "mode": "data",
      "type": "aws_iam_policy_document",
      "name": "cluster_assume_role_policy",
      "provider": "provider[\"registry.terraform.io/hashicorp/aws\"]",
      "instances": [
        {
          "schema_version": 0,
          "attributes": {
            "id": "2764486067",
            "json": "{\n  \"Version\": \"2012-10-17\",\n  \"Statement\": [\n    {\n      \"Sid\": \"EKSClusterAssumeRole\",\n      \"Effect\": \"Allow\",\n      \"Action\": \"sts:AssumeRole\",\n      \"Principal\": {\n        \"Service\": \"eks.amazonaws.com\"\n      }\n    }\n  ]\n}",
            "override_json": null,
            "policy_id": null,
            "source_json": null,
            "statement": [
              {
                "actions": [
                  "sts:AssumeRole"
                ],
                "condition": [],
                "effect": "Allow",
                "not_actions": [],
                "not_principals": [],
                "not_resources": [],
                "principals": [
                  {
                    "identifiers": [
                      "eks.amazonaws.com"
                    ],
                    "type": "Service"
                  }
                ],
                "resources": [],
                "sid": "EKSClusterAssumeRole"
              }
            ],
            "version": "2012-10-17"
          }
        }
      ]
    },
    {
      "module": "module.eks",
      "mode": "data",
      "type": "aws_iam_policy_document",
      "name": "cluster_elb_sl_role_creation",
      "provider": "provider[\"registry.terraform.io/hashicorp/aws\"]",
      "instances": [
        {
          "index_key": 0,
          "schema_version": 0,
          "attributes": {
            "id": "3407219844",
            "json": "{\n  \"Version\": \"2012-10-17\",\n  \"Statement\": [\n    {\n      \"Sid\": \"\",\n      \"Effect\": \"Allow\",\n      \"Action\": [\n        \"ec2:DescribeInternetGateways\",\n        \"ec2:DescribeAccountAttributes\"\n      ],\n      \"Resource\": \"*\"\n    }\n  ]\n}",
            "override_json": null,
            "policy_id": null,
            "source_json": null,
            "statement": [
              {
                "actions": [
                  "ec2:DescribeAccountAttributes",
                  "ec2:DescribeInternetGateways"
                ],
                "condition": [],
                "effect": "Allow",
                "not_actions": [],
                "not_principals": [],
                "not_resources": [],
                "principals": [],
                "resources": [
                  "*"
                ],
                "sid": ""
              }
            ],
            "version": "2012-10-17"
          }
        }
      ]
    },
    {
      "module": "module.eks",
      "mode": "data",
      "type": "aws_iam_policy_document",
      "name": "workers_assume_role_policy",
      "provider": "provider[\"registry.terraform.io/hashicorp/aws\"]",
      "instances": [
        {
          "schema_version": 0,
          "attributes": {
            "id": "3778018924",
            "json": "{\n  \"Version\": \"2012-10-17\",\n  \"Statement\": [\n    {\n      \"Sid\": \"EKSWorkerAssumeRole\",\n      \"Effect\": \"Allow\",\n      \"Action\": \"sts:AssumeRole\",\n      \"Principal\": {\n        \"Service\": \"ec2.amazonaws.com\"\n      }\n    }\n  ]\n}",
            "override_json": null,
            "policy_id": null,
            "source_json": null,
            "statement": [
              {
                "actions": [
                  "sts:AssumeRole"
                ],
                "condition": [],
                "effect": "Allow",
                "not_actions": [],
                "not_principals": [],
                "not_resources": [],
                "principals": [
                  {
                    "identifiers": [
                      "ec2.amazonaws.com"
                    ],
                    "type": "Service"
                  }
                ],
                "resources": [],
                "sid": "EKSWorkerAssumeRole"
              }
            ],
            "version": "2012-10-17"
          }
        }
      ]
    },
    {
      "module": "module.eks",
      "mode": "data",
      "type": "aws_partition",
      "name": "current",
      "provider": "provider[\"registry.terraform.io/hashicorp/aws\"]",
      "instances": [
        {
          "schema_version": 0,
          "attributes": {
            "dns_suffix": "amazonaws.com",
            "id": "aws",
            "partition": "aws"
          }
        }
      ]
    },
    {
      "module": "module.eks",
      "mode": "managed",
      "type": "aws_eks_cluster",
      "name": "this",
      "provider": "provider[\"registry.terraform.io/hashicorp/aws\"]",
      "instances": [
        {
          "index_key": 0,
          "schema_version": 0,
          "attributes": {
            "arn": "arn:aws:eks:us-east-1:093157296769:cluster/eks-crash",
            "certificate_authority": [
              {
                "data": "LS0tLS1CRUdJTiBDRVJUSUZJQ0FURS0tLS0tCk1JSUN5RENDQWJDZ0F3SUJBZ0lCQURBTkJna3Foa2lHOXcwQkFRc0ZBREFWTVJNd0VRWURWUVFERXdwcmRXSmwKY201bGRHVnpNQjRYRFRJd01USXdOakU0TXpJeE5Gb1hEVE13TVRJd05ERTRNekl4TkZvd0ZURVRNQkVHQTFVRQpBeE1LYTNWaVpYSnVaWFJsY3pDQ0FTSXdEUVlKS29aSWh2Y05BUUVCQlFBRGdnRVBBRENDQVFvQ2dnRUJBTHlhCmhiUW53a2VudXIrTW9Jd3F2RGJoRm9oZDVkQnYrOWtsZFZIRjBuNUMwWmtuWXRNQkRiZVhvOE02dHk4Tkx4RXIKN1Z2RUdFNWRjRFVzYlhtTnFDSXVTT2cva2xGVEd2QkloOEZCVmtSY1VLMkZTVG1OUHRmUEhnM2lZR1MxVU13dApEb1BoWTI2QzJtbkN3Ni9sVnNuajkzK012ZHlPcU1MWVdINGVHVkJXQ3hlYiswT1ZDYlB3UGx4ejlZbzM1ZkhiClFlQkh5RDdscUVTdThGRzBMV1pDek82eG1jelhMeC9VR1VyTng5ek40emM1VkxCWDhSdXNlcUYxd0dIREE5UjAKSGEzR1g5YVQ5NTVNQlNxanVGZ01RSk5tcVJPcHNGQm1XcjFQdkNOcTJPZno2MksxODh5YTVieUlkdEpCNnV5LwpNS1lQS2xuSjhJM1BDZ2FscytrQ0F3RUFBYU1qTUNFd0RnWURWUjBQQVFIL0JBUURBZ0trTUE4R0ExVWRFd0VCCi93UUZNQU1CQWY4d0RRWUpLb1pJaHZjTkFRRUxCUUFEZ2dFQkFCcE93eUdkbFIwWmtVTnA3WGFURkNIUGl3VHEKSHNFS2FTVG1OUjExblVKRUZUVzdHaXhKRFFsS25ScWE1eDJNL1hBTFR0V2xNWE02NzNMaFhOSEdTQ0VzdGRHZQp0QlZQSEVNZFQ1SzVNd2VXNXZ0MHRuQXBMYmVLTTYrQVVGT3h5N3FTWnJrQ2VPakM5ZGl0UnpqZzBxWUoyQnBqCkwvYzVxdG8zRW84NVJQdnpHcWtTQWpFWk1sc1ZkUzZ1NTdHVXo4cTNkbGhmeWNxaHZvV1ZxSklYWHlERHQwaEYKNjB3MHp6eTVva3ZYeWs5SEUyR0xpUEV0OS9QWXM2YkNhUVVsZ0FaRC8vNFZhN2J2VnRyWmwyL3hpdXBxbjlkbQpzMy9MMFpwbWRPK3J5ODJnWlR4R0NuUXJKWGNtNEV0WXM2U2dIdkxzRFBuSTJ1V2ozOUFBWVEyMjBUTT0KLS0tLS1FTkQgQ0VSVElGSUNBVEUtLS0tLQo="
              }
            ],
            "created_at": "2020-12-06 18:20:53.482 +0000 UTC",
            "enabled_cluster_log_types": [],
            "encryption_config": [],
            "endpoint": "https://9347371D80579914C8DE365AB7B2DFAC.gr7.us-east-1.eks.amazonaws.com",
            "id": "eks-crash",
            "identity": [
              {
                "oidc": [
                  {
                    "issuer": "https://oidc.eks.us-east-1.amazonaws.com/id/9347371D80579914C8DE365AB7B2DFAC"
                  }
                ]
              }
            ],
            "name": "eks-crash",
            "platform_version": "eks.5",
            "role_arn": "arn:aws:iam::093157296769:role/eks-crash20201206182032057500000001",
            "status": "ACTIVE",
            "tags": {},
            "timeouts": {
              "create": "30m",
              "delete": "15m",
              "update": null
            },
            "version": "1.17",
            "vpc_config": [
              {
                "cluster_security_group_id": "sg-01cdc93a0f2f3f3bf",
                "endpoint_private_access": false,
                "endpoint_public_access": true,
                "public_access_cidrs": [
                  "0.0.0.0/0"
                ],
                "security_group_ids": [
                  "sg-0c394e84e28cea082"
                ],
                "subnet_ids": [
                  "subnet-04bea58b0477f787c",
                  "subnet-0f12376abcdd42e01"
                ],
                "vpc_id": "vpc-0584cc86f9e786184"
              }
            ]
          },
          "private": "eyJlMmJmYjczMC1lY2FhLTExZTYtOGY4OC0zNDM2M2JjN2M0YzAiOnsiY3JlYXRlIjoxODAwMDAwMDAwMDAwLCJkZWxldGUiOjkwMDAwMDAwMDAwMCwidXBkYXRlIjozNjAwMDAwMDAwMDAwfX0=",
          "dependencies": [
            "aws_subnet.public1",
            "aws_subnet.public2",
            "aws_vpc.vpc",
            "data.aws_availability_zones.azs",
            "module.eks.aws_cloudwatch_log_group.this",
            "module.eks.aws_iam_role.cluster",
            "module.eks.aws_iam_role_policy_attachment.cluster_AmazonEKSClusterPolicy",
            "module.eks.aws_iam_role_policy_attachment.cluster_AmazonEKSServicePolicy",
            "module.eks.aws_security_group.cluster",
            "module.eks.aws_security_group.workers",
            "module.eks.aws_security_group_rule.cluster_egress_internet",
            "module.eks.aws_security_group_rule.cluster_https_worker_ingress",
            "module.eks.data.aws_iam_policy_document.cluster_assume_role_policy",
            "module.eks.data.aws_iam_role.custom_cluster_iam_role",
            "module.eks.data.aws_partition.current"
          ]
        }
      ]
    },
    {
      "module": "module.eks",
      "mode": "managed",
      "type": "aws_iam_role",
      "name": "cluster",
      "provider": "provider[\"registry.terraform.io/hashicorp/aws\"]",
      "instances": [
        {
          "index_key": 0,
          "schema_version": 0,
          "attributes": {
            "arn": "arn:aws:iam::093157296769:role/eks-crash20201206182032057500000001",
            "assume_role_policy": "{\"Version\":\"2012-10-17\",\"Statement\":[{\"Sid\":\"EKSClusterAssumeRole\",\"Effect\":\"Allow\",\"Principal\":{\"Service\":\"eks.amazonaws.com\"},\"Action\":\"sts:AssumeRole\"}]}",
            "create_date": "2020-12-06T18:20:32Z",
            "description": "",
            "force_detach_policies": true,
            "id": "eks-crash20201206182032057500000001",
            "max_session_duration": 3600,
            "name": "eks-crash20201206182032057500000001",
            "name_prefix": "eks-crash",
            "path": "/",
            "permissions_boundary": null,
            "tags": {},
            "unique_id": "AROARLME3RKAWNYW5V56V"
          },
          "private": "bnVsbA==",
          "dependencies": [
            "module.eks.data.aws_iam_policy_document.cluster_assume_role_policy"
          ]
        }
      ]
    },
    {
      "module": "module.eks",
      "mode": "managed",
      "type": "aws_iam_role",
      "name": "workers",
      "provider": "provider[\"registry.terraform.io/hashicorp/aws\"]",
      "instances": [
        {
          "index_key": 0,
          "schema_version": 0,
          "attributes": {
            "arn": "arn:aws:iam::093157296769:role/eks-crash20201206183820178000000008",
            "assume_role_policy": "{\"Version\":\"2012-10-17\",\"Statement\":[{\"Sid\":\"EKSWorkerAssumeRole\",\"Effect\":\"Allow\",\"Principal\":{\"Service\":\"ec2.amazonaws.com\"},\"Action\":\"sts:AssumeRole\"}]}",
            "create_date": "2020-12-06T18:38:20Z",
            "description": "",
            "force_detach_policies": true,
            "id": "eks-crash20201206183820178000000008",
            "max_session_duration": 3600,
            "name": "eks-crash20201206183820178000000008",
            "name_prefix": "eks-crash",
            "path": "/",
            "permissions_boundary": null,
            "tags": {},
            "unique_id": "AROARLME3RKATV3HZ227H"
          },
          "private": "bnVsbA==",
          "dependencies": [
            "aws_subnet.public1",
            "aws_subnet.public2",
            "aws_vpc.vpc",
            "data.aws_availability_zones.azs",
            "module.eks.aws_cloudwatch_log_group.this",
            "module.eks.aws_eks_cluster.this",
            "module.eks.aws_iam_role.cluster",
            "module.eks.aws_iam_role_policy_attachment.cluster_AmazonEKSClusterPolicy",
            "module.eks.aws_iam_role_policy_attachment.cluster_AmazonEKSServicePolicy",
            "module.eks.aws_security_group.cluster",
            "module.eks.aws_security_group.workers",
            "module.eks.aws_security_group_rule.cluster_egress_internet",
            "module.eks.aws_security_group_rule.cluster_https_worker_ingress",
            "module.eks.data.aws_iam_policy_document.cluster_assume_role_policy",
            "module.eks.data.aws_iam_policy_document.workers_assume_role_policy",
            "module.eks.data.aws_iam_role.custom_cluster_iam_role",
            "module.eks.data.aws_partition.current"
          ]
        }
      ]
    },
    {
      "module": "module.eks",
      "mode": "managed",
      "type": "aws_iam_role_policy",
      "name": "cluster_elb_sl_role_creation",
      "provider": "provider[\"registry.terraform.io/hashicorp/aws\"]",
      "instances": [
        {
          "index_key": 0,
          "schema_version": 0,
          "attributes": {
            "id": "eks-crash20201206182032057500000001:eks-crash-elb-sl-role-creation20201206182033593600000002",
            "name": "eks-crash-elb-sl-role-creation20201206182033593600000002",
            "name_prefix": "eks-crash-elb-sl-role-creation",
            "policy": "{\n  \"Version\": \"2012-10-17\",\n  \"Statement\": [\n    {\n      \"Sid\": \"\",\n      \"Effect\": \"Allow\",\n      \"Action\": [\n        \"ec2:DescribeInternetGateways\",\n        \"ec2:DescribeAccountAttributes\"\n      ],\n      \"Resource\": \"*\"\n    }\n  ]\n}",
            "role": "eks-crash20201206182032057500000001"
          },
          "private": "bnVsbA==",
          "dependencies": [
            "module.eks.aws_iam_role.cluster",
            "module.eks.data.aws_iam_policy_document.cluster_assume_role_policy",
            "module.eks.data.aws_iam_policy_document.cluster_elb_sl_role_creation"
          ]
        }
      ]
    },
    {
      "module": "module.eks",
      "mode": "managed",
      "type": "aws_iam_role_policy_attachment",
      "name": "cluster_AmazonEKSClusterPolicy",
      "provider": "provider[\"registry.terraform.io/hashicorp/aws\"]",
      "instances": [
        {
          "index_key": 0,
          "schema_version": 0,
          "attributes": {
            "id": "eks-crash20201206182032057500000001-20201206182034287000000003",
            "policy_arn": "arn:aws:iam::aws:policy/AmazonEKSClusterPolicy",
            "role": "eks-crash20201206182032057500000001"
          },
          "private": "bnVsbA==",
          "dependencies": [
            "module.eks.aws_iam_role.cluster",
            "module.eks.data.aws_iam_policy_document.cluster_assume_role_policy",
            "module.eks.data.aws_partition.current"
          ]
        }
      ]
    },
    {
      "module": "module.eks",
      "mode": "managed",
      "type": "aws_iam_role_policy_attachment",
      "name": "cluster_AmazonEKSServicePolicy",
      "provider": "provider[\"registry.terraform.io/hashicorp/aws\"]",
      "instances": [
        {
          "index_key": 0,
          "schema_version": 0,
          "attributes": {
            "id": "eks-crash20201206182032057500000001-20201206182034295800000004",
            "policy_arn": "arn:aws:iam::aws:policy/AmazonEKSServicePolicy",
            "role": "eks-crash20201206182032057500000001"
          },
          "private": "bnVsbA==",
          "dependencies": [
            "module.eks.aws_iam_role.cluster",
            "module.eks.data.aws_iam_policy_document.cluster_assume_role_policy",
            "module.eks.data.aws_partition.current"
          ]
        }
      ]
    },
    {
      "module": "module.eks",
      "mode": "managed",
      "type": "aws_iam_role_policy_attachment",
      "name": "workers_AmazonEC2ContainerRegistryReadOnly",
      "provider": "provider[\"registry.terraform.io/hashicorp/aws\"]",
      "instances": [
        {
          "index_key": 0,
          "schema_version": 0,
          "attributes": {
            "id": "eks-crash20201206183820178000000008-2020120618382271790000000a",
            "policy_arn": "arn:aws:iam::aws:policy/AmazonEC2ContainerRegistryReadOnly",
            "role": "eks-crash20201206183820178000000008"
          },
          "private": "bnVsbA==",
          "dependencies": [
            "aws_subnet.public1",
            "aws_subnet.public2",
            "aws_vpc.vpc",
            "data.aws_availability_zones.azs",
            "module.eks.aws_cloudwatch_log_group.this",
            "module.eks.aws_eks_cluster.this",
            "module.eks.aws_iam_role.cluster",
            "module.eks.aws_iam_role.workers",
            "module.eks.aws_iam_role_policy_attachment.cluster_AmazonEKSClusterPolicy",
            "module.eks.aws_iam_role_policy_attachment.cluster_AmazonEKSServicePolicy",
            "module.eks.aws_security_group.cluster",
            "module.eks.aws_security_group.workers",
            "module.eks.aws_security_group_rule.cluster_egress_internet",
            "module.eks.aws_security_group_rule.cluster_https_worker_ingress",
            "module.eks.data.aws_iam_policy_document.cluster_assume_role_policy",
            "module.eks.data.aws_iam_policy_document.workers_assume_role_policy",
            "module.eks.data.aws_iam_role.custom_cluster_iam_role",
            "module.eks.data.aws_partition.current"
          ]
        }
      ]
    },
    {
      "module": "module.eks",
      "mode": "managed",
      "type": "aws_iam_role_policy_attachment",
      "name": "workers_AmazonEKSWorkerNodePolicy",
      "provider": "provider[\"registry.terraform.io/hashicorp/aws\"]",
      "instances": [
        {
          "index_key": 0,
          "schema_version": 0,
          "attributes": {
            "id": "eks-crash20201206183820178000000008-2020120618382367080000000b",
            "policy_arn": "arn:aws:iam::aws:policy/AmazonEKSWorkerNodePolicy",
            "role": "eks-crash20201206183820178000000008"
          },
          "private": "bnVsbA==",
          "dependencies": [
            "aws_subnet.public1",
            "aws_subnet.public2",
            "aws_vpc.vpc",
            "data.aws_availability_zones.azs",
            "module.eks.aws_cloudwatch_log_group.this",
            "module.eks.aws_eks_cluster.this",
            "module.eks.aws_iam_role.cluster",
            "module.eks.aws_iam_role.workers",
            "module.eks.aws_iam_role_policy_attachment.cluster_AmazonEKSClusterPolicy",
            "module.eks.aws_iam_role_policy_attachment.cluster_AmazonEKSServicePolicy",
            "module.eks.aws_security_group.cluster",
            "module.eks.aws_security_group.workers",
            "module.eks.aws_security_group_rule.cluster_egress_internet",
            "module.eks.aws_security_group_rule.cluster_https_worker_ingress",
            "module.eks.data.aws_iam_policy_document.cluster_assume_role_policy",
            "module.eks.data.aws_iam_policy_document.workers_assume_role_policy",
            "module.eks.data.aws_iam_role.custom_cluster_iam_role",
            "module.eks.data.aws_partition.current"
          ]
        }
      ]
    },
    {
      "module": "module.eks",
      "mode": "managed",
      "type": "aws_iam_role_policy_attachment",
      "name": "workers_AmazonEKS_CNI_Policy",
      "provider": "provider[\"registry.terraform.io/hashicorp/aws\"]",
      "instances": [
        {
          "index_key": 0,
          "schema_version": 0,
          "attributes": {
            "id": "eks-crash20201206183820178000000008-20201206183822627700000009",
            "policy_arn": "arn:aws:iam::aws:policy/AmazonEKS_CNI_Policy",
            "role": "eks-crash20201206183820178000000008"
          },
          "private": "bnVsbA==",
          "dependencies": [
            "aws_subnet.public1",
            "aws_subnet.public2",
            "aws_vpc.vpc",
            "data.aws_availability_zones.azs",
            "module.eks.aws_cloudwatch_log_group.this",
            "module.eks.aws_eks_cluster.this",
            "module.eks.aws_iam_role.cluster",
            "module.eks.aws_iam_role.workers",
            "module.eks.aws_iam_role_policy_attachment.cluster_AmazonEKSClusterPolicy",
            "module.eks.aws_iam_role_policy_attachment.cluster_AmazonEKSServicePolicy",
            "module.eks.aws_security_group.cluster",
            "module.eks.aws_security_group.workers",
            "module.eks.aws_security_group_rule.cluster_egress_internet",
            "module.eks.aws_security_group_rule.cluster_https_worker_ingress",
            "module.eks.data.aws_iam_policy_document.cluster_assume_role_policy",
            "module.eks.data.aws_iam_policy_document.workers_assume_role_policy",
            "module.eks.data.aws_iam_role.custom_cluster_iam_role",
            "module.eks.data.aws_partition.current"
          ]
        }
      ]
    },
    {
      "module": "module.eks",
      "mode": "managed",
      "type": "aws_security_group",
      "name": "cluster",
      "provider": "provider[\"registry.terraform.io/hashicorp/aws\"]",
      "instances": [
        {
          "index_key": 0,
          "schema_version": 1,
          "attributes": {
            "arn": "arn:aws:ec2:us-east-1:093157296769:security-group/sg-0c394e84e28cea082",
            "description": "EKS cluster security group.",
            "egress": [
              {
                "cidr_blocks": [
                  "0.0.0.0/0"
                ],
                "description": "Allow cluster egress access to the Internet.",
                "from_port": 0,
                "ipv6_cidr_blocks": [],
                "prefix_list_ids": [],
                "protocol": "-1",
                "security_groups": [],
                "self": false,
                "to_port": 0
              }
            ],
            "id": "sg-0c394e84e28cea082",
            "ingress": [
              {
                "cidr_blocks": [],
                "description": "Allow pods to communicate with the EKS cluster API.",
                "from_port": 443,
                "ipv6_cidr_blocks": [],
                "prefix_list_ids": [],
                "protocol": "tcp",
                "security_groups": [
                  "sg-0a78c30483e97a702"
                ],
                "self": false,
                "to_port": 443
              }
            ],
            "name": "eks-crash20201206182042151800000007",
            "name_prefix": "eks-crash",
            "owner_id": "093157296769",
            "revoke_rules_on_delete": false,
            "tags": {
              "Name": "eks-crash-eks_cluster_sg"
            },
            "timeouts": null,
            "vpc_id": "vpc-0584cc86f9e786184"
          },
          "private": "eyJlMmJmYjczMC1lY2FhLTExZTYtOGY4OC0zNDM2M2JjN2M0YzAiOnsiY3JlYXRlIjo2MDAwMDAwMDAwMDAsImRlbGV0ZSI6NjAwMDAwMDAwMDAwfSwic2NoZW1hX3ZlcnNpb24iOiIxIn0=",
          "dependencies": [
            "aws_vpc.vpc"
          ]
        }
      ]
    },
    {
      "module": "module.eks",
      "mode": "managed",
      "type": "aws_security_group",
      "name": "workers",
      "provider": "provider[\"registry.terraform.io/hashicorp/aws\"]",
      "instances": [
        {
          "index_key": 0,
          "schema_version": 1,
          "attributes": {
            "arn": "arn:aws:ec2:us-east-1:093157296769:security-group/sg-0a78c30483e97a702",
            "description": "Security group for all nodes in the cluster.",
            "egress": [
              {
                "cidr_blocks": [
                  "0.0.0.0/0"
                ],
                "description": "Allow nodes all egress to the Internet.",
                "from_port": 0,
                "ipv6_cidr_blocks": [],
                "prefix_list_ids": [],
                "protocol": "-1",
                "security_groups": [],
                "self": false,
                "to_port": 0
              }
            ],
            "id": "sg-0a78c30483e97a702",
            "ingress": [
              {
                "cidr_blocks": [],
                "description": "Allow node to communicate with each other.",
                "from_port": 0,
                "ipv6_cidr_blocks": [],
                "prefix_list_ids": [],
                "protocol": "-1",
                "security_groups": [],
                "self": true,
                "to_port": 0
              },
              {
                "cidr_blocks": [],
                "description": "Allow pods running extension API servers on port 443 to receive communication from cluster control plane.",
                "from_port": 443,
                "ipv6_cidr_blocks": [],
                "prefix_list_ids": [],
                "protocol": "tcp",
                "security_groups": [
                  "sg-0c394e84e28cea082"
                ],
                "self": false,
                "to_port": 443
              },
              {
                "cidr_blocks": [],
                "description": "Allow workers pods to receive communication from the cluster control plane.",
                "from_port": 1025,
                "ipv6_cidr_blocks": [],
                "prefix_list_ids": [],
                "protocol": "tcp",
                "security_groups": [
                  "sg-0c394e84e28cea082"
                ],
                "self": false,
                "to_port": 65535
              }
            ],
            "name": "eks-crash20201206182042151100000006",
            "name_prefix": "eks-crash",
            "owner_id": "093157296769",
            "revoke_rules_on_delete": false,
            "tags": {
              "Name": "eks-crash-eks_worker_sg",
              "kubernetes.io/cluster/eks-crash": "owned"
            },
            "timeouts": null,
            "vpc_id": "vpc-0584cc86f9e786184"
          },
          "private": "eyJlMmJmYjczMC1lY2FhLTExZTYtOGY4OC0zNDM2M2JjN2M0YzAiOnsiY3JlYXRlIjo2MDAwMDAwMDAwMDAsImRlbGV0ZSI6NjAwMDAwMDAwMDAwfSwic2NoZW1hX3ZlcnNpb24iOiIxIn0=",
          "dependencies": [
            "aws_vpc.vpc"
          ]
        }
      ]
    },
    {
      "module": "module.eks",
      "mode": "managed",
      "type": "aws_security_group_rule",
      "name": "cluster_egress_internet",
      "provider": "provider[\"registry.terraform.io/hashicorp/aws\"]",
      "instances": [
        {
          "index_key": 0,
          "schema_version": 2,
          "attributes": {
            "cidr_blocks": [
              "0.0.0.0/0"
            ],
            "description": "Allow cluster egress access to the Internet.",
            "from_port": 0,
            "id": "sgrule-597309247",
            "ipv6_cidr_blocks": [],
            "prefix_list_ids": [],
            "protocol": "-1",
            "security_group_id": "sg-0c394e84e28cea082",
            "self": false,
            "source_security_group_id": null,
            "to_port": 0,
            "type": "egress"
          },
          "private": "eyJzY2hlbWFfdmVyc2lvbiI6IjIifQ==",
          "dependencies": [
            "aws_vpc.vpc",
            "module.eks.aws_security_group.cluster"
          ]
        }
      ]
    },
    {
      "module": "module.eks",
      "mode": "managed",
      "type": "aws_security_group_rule",
      "name": "cluster_https_worker_ingress",
      "provider": "provider[\"registry.terraform.io/hashicorp/aws\"]",
      "instances": [
        {
          "index_key": 0,
          "schema_version": 2,
          "attributes": {
            "cidr_blocks": [],
            "description": "Allow pods to communicate with the EKS cluster API.",
            "from_port": 443,
            "id": "sgrule-2050449646",
            "ipv6_cidr_blocks": [],
            "prefix_list_ids": [],
            "protocol": "tcp",
            "security_group_id": "sg-0c394e84e28cea082",
            "self": false,
            "source_security_group_id": "sg-0a78c30483e97a702",
            "to_port": 443,
            "type": "ingress"
          },
          "private": "eyJzY2hlbWFfdmVyc2lvbiI6IjIifQ==",
          "dependencies": [
            "aws_vpc.vpc",
            "module.eks.aws_security_group.cluster",
            "module.eks.aws_security_group.workers"
          ]
        }
      ]
    },
    {
      "module": "module.eks",
      "mode": "managed",
      "type": "aws_security_group_rule",
      "name": "workers_egress_internet",
      "provider": "provider[\"registry.terraform.io/hashicorp/aws\"]",
      "instances": [
        {
          "index_key": 0,
          "schema_version": 2,
          "attributes": {
            "cidr_blocks": [
              "0.0.0.0/0"
            ],
            "description": "Allow nodes all egress to the Internet.",
            "from_port": 0,
            "id": "sgrule-879114574",
            "ipv6_cidr_blocks": [],
            "prefix_list_ids": [],
            "protocol": "-1",
            "security_group_id": "sg-0a78c30483e97a702",
            "self": false,
            "source_security_group_id": null,
            "to_port": 0,
            "type": "egress"
          },
          "private": "eyJzY2hlbWFfdmVyc2lvbiI6IjIifQ==",
          "dependencies": [
            "aws_vpc.vpc",
            "module.eks.aws_security_group.workers"
          ]
        }
      ]
    },
    {
      "module": "module.eks",
      "mode": "managed",
      "type": "aws_security_group_rule",
      "name": "workers_ingress_cluster",
      "provider": "provider[\"registry.terraform.io/hashicorp/aws\"]",
      "instances": [
        {
          "index_key": 0,
          "schema_version": 2,
          "attributes": {
            "cidr_blocks": [],
            "description": "Allow workers pods to receive communication from the cluster control plane.",
            "from_port": 1025,
            "id": "sgrule-2083007697",
            "ipv6_cidr_blocks": [],
            "prefix_list_ids": [],
            "protocol": "tcp",
            "security_group_id": "sg-0a78c30483e97a702",
            "self": false,
            "source_security_group_id": "sg-0c394e84e28cea082",
            "to_port": 65535,
            "type": "ingress"
          },
          "private": "eyJzY2hlbWFfdmVyc2lvbiI6IjIifQ==",
          "dependencies": [
            "aws_vpc.vpc",
            "module.eks.aws_security_group.cluster",
            "module.eks.aws_security_group.workers"
          ]
        }
      ]
    },
    {
      "module": "module.eks",
      "mode": "managed",
      "type": "aws_security_group_rule",
      "name": "workers_ingress_cluster_https",
      "provider": "provider[\"registry.terraform.io/hashicorp/aws\"]",
      "instances": [
        {
          "index_key": 0,
          "schema_version": 2,
          "attributes": {
            "cidr_blocks": [],
            "description": "Allow pods running extension API servers on port 443 to receive communication from cluster control plane.",
            "from_port": 443,
            "id": "sgrule-3953442437",
            "ipv6_cidr_blocks": [],
            "prefix_list_ids": [],
            "protocol": "tcp",
            "security_group_id": "sg-0a78c30483e97a702",
            "self": false,
            "source_security_group_id": "sg-0c394e84e28cea082",
            "to_port": 443,
            "type": "ingress"
          },
          "private": "eyJzY2hlbWFfdmVyc2lvbiI6IjIifQ==",
          "dependencies": [
            "aws_vpc.vpc",
            "module.eks.aws_security_group.cluster",
            "module.eks.aws_security_group.workers"
          ]
        }
      ]
    },
    {
      "module": "module.eks",
      "mode": "managed",
      "type": "aws_security_group_rule",
      "name": "workers_ingress_self",
      "provider": "provider[\"registry.terraform.io/hashicorp/aws\"]",
      "instances": [
        {
          "index_key": 0,
          "schema_version": 2,
          "attributes": {
            "cidr_blocks": [],
            "description": "Allow node to communicate with each other.",
            "from_port": 0,
            "id": "sgrule-2548123463",
            "ipv6_cidr_blocks": [],
            "prefix_list_ids": [],
            "protocol": "-1",
            "security_group_id": "sg-0a78c30483e97a702",
            "self": false,
            "source_security_group_id": "sg-0a78c30483e97a702",
            "to_port": 0,
            "type": "ingress"
          },
          "private": "eyJzY2hlbWFfdmVyc2lvbiI6IjIifQ==",
          "dependencies": [
            "aws_vpc.vpc",
            "module.eks.aws_security_group.workers"
          ]
        }
      ]
    },
    {
      "module": "module.eks",
      "mode": "managed",
      "type": "local_file",
      "name": "kubeconfig",
      "provider": "provider[\"registry.terraform.io/hashicorp/local\"]",
      "instances": [
        {
          "index_key": 0,
          "schema_version": 0,
          "attributes": {
            "content": "apiVersion: v1\npreferences: {}\nkind: Config\n\nclusters:\n- cluster:\n    server: https://9347371D80579914C8DE365AB7B2DFAC.gr7.us-east-1.eks.amazonaws.com\n    certificate-authority-data: LS0tLS1CRUdJTiBDRVJUSUZJQ0FURS0tLS0tCk1JSUN5RENDQWJDZ0F3SUJBZ0lCQURBTkJna3Foa2lHOXcwQkFRc0ZBREFWTVJNd0VRWURWUVFERXdwcmRXSmwKY201bGRHVnpNQjRYRFRJd01USXdOakU0TXpJeE5Gb1hEVE13TVRJd05ERTRNekl4TkZvd0ZURVRNQkVHQTFVRQpBeE1LYTNWaVpYSnVaWFJsY3pDQ0FTSXdEUVlKS29aSWh2Y05BUUVCQlFBRGdnRVBBRENDQVFvQ2dnRUJBTHlhCmhiUW53a2VudXIrTW9Jd3F2RGJoRm9oZDVkQnYrOWtsZFZIRjBuNUMwWmtuWXRNQkRiZVhvOE02dHk4Tkx4RXIKN1Z2RUdFNWRjRFVzYlhtTnFDSXVTT2cva2xGVEd2QkloOEZCVmtSY1VLMkZTVG1OUHRmUEhnM2lZR1MxVU13dApEb1BoWTI2QzJtbkN3Ni9sVnNuajkzK012ZHlPcU1MWVdINGVHVkJXQ3hlYiswT1ZDYlB3UGx4ejlZbzM1ZkhiClFlQkh5RDdscUVTdThGRzBMV1pDek82eG1jelhMeC9VR1VyTng5ek40emM1VkxCWDhSdXNlcUYxd0dIREE5UjAKSGEzR1g5YVQ5NTVNQlNxanVGZ01RSk5tcVJPcHNGQm1XcjFQdkNOcTJPZno2MksxODh5YTVieUlkdEpCNnV5LwpNS1lQS2xuSjhJM1BDZ2FscytrQ0F3RUFBYU1qTUNFd0RnWURWUjBQQVFIL0JBUURBZ0trTUE4R0ExVWRFd0VCCi93UUZNQU1CQWY4d0RRWUpLb1pJaHZjTkFRRUxCUUFEZ2dFQkFCcE93eUdkbFIwWmtVTnA3WGFURkNIUGl3VHEKSHNFS2FTVG1OUjExblVKRUZUVzdHaXhKRFFsS25ScWE1eDJNL1hBTFR0V2xNWE02NzNMaFhOSEdTQ0VzdGRHZQp0QlZQSEVNZFQ1SzVNd2VXNXZ0MHRuQXBMYmVLTTYrQVVGT3h5N3FTWnJrQ2VPakM5ZGl0UnpqZzBxWUoyQnBqCkwvYzVxdG8zRW84NVJQdnpHcWtTQWpFWk1sc1ZkUzZ1NTdHVXo4cTNkbGhmeWNxaHZvV1ZxSklYWHlERHQwaEYKNjB3MHp6eTVva3ZYeWs5SEUyR0xpUEV0OS9QWXM2YkNhUVVsZ0FaRC8vNFZhN2J2VnRyWmwyL3hpdXBxbjlkbQpzMy9MMFpwbWRPK3J5ODJnWlR4R0NuUXJKWGNtNEV0WXM2U2dIdkxzRFBuSTJ1V2ozOUFBWVEyMjBUTT0KLS0tLS1FTkQgQ0VSVElGSUNBVEUtLS0tLQo=\n  name: eks_eks-crash\n\ncontexts:\n- context:\n    cluster: eks_eks-crash\n    user: eks_eks-crash\n  name: eks_eks-crash\n\ncurrent-context: eks_eks-crash\n\nusers:\n- name: eks_eks-crash\n  user:\n    exec:\n      apiVersion: client.authentication.k8s.io/v1alpha1\n      command: aws-iam-authenticator\n      args:\n        - \"token\"\n        - \"-i\"\n        - \"eks-crash\"\n",
            "content_base64": null,
            "directory_permission": "0755",
            "file_permission": "0644",
            "filename": "./kubeconfig_eks-crash",
            "id": "8325fa24d60b54f9708e7339528bbd9a540004c7",
            "sensitive_content": null,
            "source": null
          },
          "private": "bnVsbA==",
          "dependencies": [
            "aws_subnet.public1",
            "aws_subnet.public2",
            "aws_vpc.vpc",
            "data.aws_availability_zones.azs",
            "module.eks.aws_cloudwatch_log_group.this",
            "module.eks.aws_eks_cluster.this",
            "module.eks.aws_iam_role.cluster",
            "module.eks.aws_iam_role_policy_attachment.cluster_AmazonEKSClusterPolicy",
            "module.eks.aws_iam_role_policy_attachment.cluster_AmazonEKSServicePolicy",
            "module.eks.aws_security_group.cluster",
            "module.eks.aws_security_group.workers",
            "module.eks.aws_security_group_rule.cluster_egress_internet",
            "module.eks.aws_security_group_rule.cluster_https_worker_ingress",
            "module.eks.data.aws_iam_policy_document.cluster_assume_role_policy",
            "module.eks.data.aws_iam_role.custom_cluster_iam_role",
            "module.eks.data.aws_partition.current"
          ]
        }
      ]
    },
    {
      "module": "module.eks.module.node_groups",
      "mode": "managed",
      "type": "aws_eks_node_group",
      "name": "workers",
      "provider": "provider[\"registry.terraform.io/hashicorp/aws\"]",
      "instances": [
        {
          "index_key": "first",
          "schema_version": 0,
          "attributes": {
            "ami_type": "AL2_x86_64",
            "arn": "arn:aws:eks:us-east-1:093157296769:nodegroup/eks-crash/eks-crash-first-mature-shiner/b0bb1cc3-fb9d-a0d3-8604-c15e54be5dde",
            "cluster_name": "eks-crash",
            "disk_size": 20,
            "force_update_version": null,
            "id": "eks-crash:eks-crash-first-mature-shiner",
            "instance_types": [
              "t2.medium"
            ],
            "labels": {},
            "launch_template": [],
            "node_group_name": "eks-crash-first-mature-shiner",
            "node_role_arn": "arn:aws:iam::093157296769:role/eks-crash20201206183820178000000008",
            "release_version": "1.17.12-20201126",
            "remote_access": [],
            "resources": [
              {
                "autoscaling_groups": [
                  {
                    "name": "eks-b0bb1cc3-fb9d-a0d3-8604-c15e54be5dde"
                  }
                ],
                "remote_access_security_group_id": ""
              }
            ],
            "scaling_config": [
              {
                "desired_size": 3,
                "max_size": 3,
                "min_size": 1
              }
            ],
            "status": "ACTIVE",
            "subnet_ids": [
              "subnet-04bea58b0477f787c",
              "subnet-0f12376abcdd42e01"
            ],
            "tags": {},
            "timeouts": null,
            "version": "1.17"
          },
          "private": "eyJlMmJmYjczMC1lY2FhLTExZTYtOGY4OC0zNDM2M2JjN2M0YzAiOnsiY3JlYXRlIjozNjAwMDAwMDAwMDAwLCJkZWxldGUiOjM2MDAwMDAwMDAwMDAsInVwZGF0ZSI6MzYwMDAwMDAwMDAwMH19",
          "dependencies": [
            "aws_subnet.public1",
            "aws_subnet.public2",
            "aws_vpc.vpc",
            "data.aws_availability_zones.azs",
            "data.aws_eks_cluster.cluster",
            "data.aws_eks_cluster_auth.cluster",
            "module.eks.aws_eks_cluster.this",
            "module.eks.aws_iam_role.workers",
            "module.eks.aws_iam_role_policy_attachment.workers_AmazonEC2ContainerRegistryReadOnly",
            "module.eks.aws_iam_role_policy_attachment.workers_AmazonEKSWorkerNodePolicy",
            "module.eks.aws_iam_role_policy_attachment.workers_AmazonEKS_CNI_Policy",
            "module.eks.data.aws_ami.eks_worker",
            "module.eks.kubernetes_config_map.aws_auth",
            "module.eks.module.node_groups.random_pet.node_groups"
          ],
          "create_before_destroy": true
        }
      ]
    },
    {
      "module": "module.eks.module.node_groups",
      "mode": "managed",
      "type": "random_pet",
      "name": "node_groups",
      "provider": "provider[\"registry.terraform.io/hashicorp/random\"]",
      "instances": [
        {
          "index_key": "first",
          "schema_version": 0,
          "attributes": {
            "id": "mature-shiner",
            "keepers": {
              "iam_role_arn": "arn:aws:iam::093157296769:role/eks-crash20201206183820178000000008",
              "instance_type": "t2.medium",
              "key_name": "",
              "node_group_name": "eks-crash-first",
              "source_security_group_ids": "",
              "subnet_ids": "subnet-04bea58b0477f787c|subnet-0f12376abcdd42e01"
            },
            "length": 2,
            "prefix": null,
            "separator": "-"
          },
          "private": "bnVsbA==",
          "dependencies": [
            "aws_subnet.public1",
            "aws_subnet.public2",
            "aws_vpc.vpc",
            "data.aws_availability_zones.azs",
            "data.aws_eks_cluster.cluster",
            "data.aws_eks_cluster_auth.cluster",
            "module.eks.aws_cloudwatch_log_group.this",
            "module.eks.aws_eks_cluster.this",
            "module.eks.aws_iam_role.cluster",
            "module.eks.aws_iam_role.workers",
            "module.eks.aws_iam_role_policy_attachment.cluster_AmazonEKSClusterPolicy",
            "module.eks.aws_iam_role_policy_attachment.cluster_AmazonEKSServicePolicy",
            "module.eks.aws_iam_role_policy_attachment.workers_AmazonEC2ContainerRegistryReadOnly",
            "module.eks.aws_iam_role_policy_attachment.workers_AmazonEKSWorkerNodePolicy",
            "module.eks.aws_iam_role_policy_attachment.workers_AmazonEKS_CNI_Policy",
            "module.eks.aws_security_group.cluster",
            "module.eks.aws_security_group.workers",
            "module.eks.aws_security_group_rule.cluster_egress_internet",
            "module.eks.aws_security_group_rule.cluster_https_worker_ingress",
            "module.eks.data.aws_ami.eks_worker",
            "module.eks.data.aws_iam_policy_document.cluster_assume_role_policy",
            "module.eks.data.aws_iam_policy_document.workers_assume_role_policy",
            "module.eks.data.aws_iam_role.custom_cluster_iam_role",
            "module.eks.data.aws_partition.current",
            "module.eks.kubernetes_config_map.aws_auth",
            "module.eks.null_resource.wait_for_cluster"
          ]
        }
      ]
    }
  ]
}
