{
  "version": 4,
  "terraform_version": "0.12.29",
  "serial": 53,
  "lineage": "1538a329-2fb5-40c6-e0ea-792a805281ba",
  "outputs": {
    "eks_cluster_certificat_authority": {
      "value": [
        {
          "data": "LS0tLS1CRUdJTiBDRVJUSUZJQ0FURS0tLS0tCk1JSUN5RENDQWJDZ0F3SUJBZ0lCQURBTkJna3Foa2lHOXcwQkFRc0ZBREFWTVJNd0VRWURWUVFERXdwcmRXSmwKY201bGRHVnpNQjRYRFRJd01URXhNakl3TXpZMU5sb1hEVE13TVRFeE1ESXdNelkxTmxvd0ZURVRNQkVHQTFVRQpBeE1LYTNWaVpYSnVaWFJsY3pDQ0FTSXdEUVlKS29aSWh2Y05BUUVCQlFBRGdnRVBBRENDQVFvQ2dnRUJBTWZNCkJVamFCSnhVUkpCM2pQaHd4MW0xMU11RmNGVmZ5QzJ4NjdYdFF3dElVZDJ2M0lOQ2JoRHBTaGtNNnV5c1hUOC8KVTg3cGpRbFpXR1Jabm9INVFPaW11dVNXTnpOa0ZxR1lWNnF4U3N4RHJreVh5cXlTQTRuTVRnRnZxckFIdlZURApkZDh6TXhVUjVLcC9sNHZqM2UySHVrUHpaV1R1YThiaFhLOExHOEE5T2VOak9nUDIzY2RYdHhObk8rZktCaXFwCkJibnZKS2NCMHpPSDdRVVBNS0RLTmZFUzhscVJUZzU5VmtGWVA1VTZocXpXWDFXQUF4SkRBU3RBQXdSMzF4d00KUk5hTjZ3ZHIzRUhxMTNNTERUd1FzTWcyNGgxYmNhcHNZYU5aMTNFOS9jT3hhTzNuUzNvZzdwOW14aHdVSHhqZwo1OXA1aGRtV2RLMXA5L0JKNldNQ0F3RUFBYU1qTUNFd0RnWURWUjBQQVFIL0JBUURBZ0trTUE4R0ExVWRFd0VCCi93UUZNQU1CQWY4d0RRWUpLb1pJaHZjTkFRRUxCUUFEZ2dFQkFCeHB2c2Ixam16U0dxYzBMTmIyNTBpUXlEZzMKclBXcC91UGZHRko2NjZMNnpGMzdzUW5ralJDcnRabG1YbVBnM3NlUmNUc1N3REN6N1FmVjVwZVZDcCs5S3ZNUQppcUF5Vk1EdWJiTmtaalo5Q0V3SmMvMmNGWTZYSDBmdVRQVHZ2WGI5bXhFNGNXa081TER6OHpxYzBRNXQrc0R2ClhsVisvZCtHL0J5a0ZWL1BsdUpSeldNN0JrR1kyRWRzUGgyTjY1Q1ZxQU1YYklsZHlXczhjaGU3ZXVpcUc3S1kKeVF2V3c1NVg1VWh1Z0dMbCsvNC8xUTl3aUx6Uk8zVGtuV2dGQS9rZG5BSmZJYkdwODZYblZyY3lrRFZVTXJocApVMVRKNTFFUWR2alVjVEsyMTZaL2pKN0JMZjFRMGY5TnF4VTJnNS8yU1BESGtmekpHWW5nQ09xejNKUT0KLS0tLS1FTkQgQ0VSVElGSUNBVEUtLS0tLQo="
        }
      ],
      "type": [
        "list",
        [
          "object",
          {
            "data": "string"
          }
        ]
      ]
    },
    "eks_cluster_endpoint": {
      "value": "https://99D045C9259A7898A8F3397304752126.gr7.us-east-1.eks.amazonaws.com",
      "type": "string"
    }
  },
  "resources": [
    {
      "mode": "managed",
      "type": "aws_eks_cluster",
      "name": "aws_eks",
      "provider": "provider.aws",
      "instances": [
        {
          "schema_version": 0,
          "attributes": {
            "arn": "arn:aws:eks:us-east-1:093157296769:cluster/eks_cluster_tuto",
            "certificate_authority": [
              {
                "data": "LS0tLS1CRUdJTiBDRVJUSUZJQ0FURS0tLS0tCk1JSUN5RENDQWJDZ0F3SUJBZ0lCQURBTkJna3Foa2lHOXcwQkFRc0ZBREFWTVJNd0VRWURWUVFERXdwcmRXSmwKY201bGRHVnpNQjRYRFRJd01URXhNakl3TXpZMU5sb1hEVE13TVRFeE1ESXdNelkxTmxvd0ZURVRNQkVHQTFVRQpBeE1LYTNWaVpYSnVaWFJsY3pDQ0FTSXdEUVlKS29aSWh2Y05BUUVCQlFBRGdnRVBBRENDQVFvQ2dnRUJBTWZNCkJVamFCSnhVUkpCM2pQaHd4MW0xMU11RmNGVmZ5QzJ4NjdYdFF3dElVZDJ2M0lOQ2JoRHBTaGtNNnV5c1hUOC8KVTg3cGpRbFpXR1Jabm9INVFPaW11dVNXTnpOa0ZxR1lWNnF4U3N4RHJreVh5cXlTQTRuTVRnRnZxckFIdlZURApkZDh6TXhVUjVLcC9sNHZqM2UySHVrUHpaV1R1YThiaFhLOExHOEE5T2VOak9nUDIzY2RYdHhObk8rZktCaXFwCkJibnZKS2NCMHpPSDdRVVBNS0RLTmZFUzhscVJUZzU5VmtGWVA1VTZocXpXWDFXQUF4SkRBU3RBQXdSMzF4d00KUk5hTjZ3ZHIzRUhxMTNNTERUd1FzTWcyNGgxYmNhcHNZYU5aMTNFOS9jT3hhTzNuUzNvZzdwOW14aHdVSHhqZwo1OXA1aGRtV2RLMXA5L0JKNldNQ0F3RUFBYU1qTUNFd0RnWURWUjBQQVFIL0JBUURBZ0trTUE4R0ExVWRFd0VCCi93UUZNQU1CQWY4d0RRWUpLb1pJaHZjTkFRRUxCUUFEZ2dFQkFCeHB2c2Ixam16U0dxYzBMTmIyNTBpUXlEZzMKclBXcC91UGZHRko2NjZMNnpGMzdzUW5ralJDcnRabG1YbVBnM3NlUmNUc1N3REN6N1FmVjVwZVZDcCs5S3ZNUQppcUF5Vk1EdWJiTmtaalo5Q0V3SmMvMmNGWTZYSDBmdVRQVHZ2WGI5bXhFNGNXa081TER6OHpxYzBRNXQrc0R2ClhsVisvZCtHL0J5a0ZWL1BsdUpSeldNN0JrR1kyRWRzUGgyTjY1Q1ZxQU1YYklsZHlXczhjaGU3ZXVpcUc3S1kKeVF2V3c1NVg1VWh1Z0dMbCsvNC8xUTl3aUx6Uk8zVGtuV2dGQS9rZG5BSmZJYkdwODZYblZyY3lrRFZVTXJocApVMVRKNTFFUWR2alVjVEsyMTZaL2pKN0JMZjFRMGY5TnF4VTJnNS8yU1BESGtmekpHWW5nQ09xejNKUT0KLS0tLS1FTkQgQ0VSVElGSUNBVEUtLS0tLQo="
              }
            ],
            "created_at": "2020-11-12 20:27:14.324 +0000 UTC",
            "enabled_cluster_log_types": null,
            "encryption_config": [],
            "endpoint": "https://99D045C9259A7898A8F3397304752126.gr7.us-east-1.eks.amazonaws.com",
            "id": "eks_cluster_tuto",
            "identity": [
              {
                "oidc": [
                  {
                    "issuer": "https://oidc.eks.us-east-1.amazonaws.com/id/99D045C9259A7898A8F3397304752126"
                  }
                ]
              }
            ],
            "name": "eks_cluster_tuto",
            "platform_version": "eks.4",
            "role_arn": "arn:aws:iam::093157296769:role/eks-cluster",
            "status": "ACTIVE",
            "tags": {
              "Name": "EKS_tuto"
            },
            "timeouts": null,
            "version": "1.17",
            "vpc_config": [
              {
                "cluster_security_group_id": "sg-0506e1064e1fd603c",
                "endpoint_private_access": false,
                "endpoint_public_access": true,
                "public_access_cidrs": [
                  "0.0.0.0/0"
                ],
                "security_group_ids": null,
                "subnet_ids": [
                  "subnet-0e033843bfd622edc",
                  "subnet-0ebe19e306afc12d0",
                  "subnet-e5972cc4"
                ],
                "vpc_id": "vpc-5c519821"
              }
            ]
          },
          "private": "eyJlMmJmYjczMC1lY2FhLTExZTYtOGY4OC0zNDM2M2JjN2M0YzAiOnsiY3JlYXRlIjoxODAwMDAwMDAwMDAwLCJkZWxldGUiOjkwMDAwMDAwMDAwMCwidXBkYXRlIjozNjAwMDAwMDAwMDAwfX0=",
          "dependencies": [
            "aws_iam_role.eks_cluster"
          ]
        }
      ]
    },
    {
      "mode": "managed",
      "type": "aws_eks_node_group",
      "name": "node",
      "provider": "provider.aws",
      "instances": [
        {
          "status": "tainted",
          "schema_version": 0,
          "attributes": {
            "ami_type": null,
            "arn": null,
            "cluster_name": "eks_cluster_tuto",
            "disk_size": null,
            "force_update_version": null,
            "id": "eks_cluster_tuto:node_tuto",
            "instance_types": null,
            "labels": null,
            "launch_template": [],
            "node_group_name": "node_tuto",
            "node_role_arn": "arn:aws:iam::093157296769:role/eks-node-group-tuto",
            "release_version": null,
            "remote_access": [],
            "resources": null,
            "scaling_config": [
              {
                "desired_size": 1,
                "max_size": 1,
                "min_size": 1
              }
            ],
            "status": null,
            "subnet_ids": [
              "subnet-0e033843bfd622edc",
              "subnet-0ebe19e306afc12d0",
              "subnet-e5972cc4"
            ],
            "tags": null,
            "timeouts": null,
            "version": null
          },
          "private": "eyJlMmJmYjczMC1lY2FhLTExZTYtOGY4OC0zNDM2M2JjN2M0YzAiOnsiY3JlYXRlIjozNjAwMDAwMDAwMDAwLCJkZWxldGUiOjM2MDAwMDAwMDAwMDAsInVwZGF0ZSI6MzYwMDAwMDAwMDAwMH19",
          "dependencies": [
            "aws_eks_cluster.aws_eks",
            "aws_iam_role.eks_cluster",
            "aws_iam_role.eks_nodes",
            "aws_iam_role_policy_attachment.AmazonEC2ContainerRegistryReadOnly",
            "aws_iam_role_policy_attachment.AmazonEKSWorkerNodePolicy",
            "aws_iam_role_policy_attachment.AmazonEKS_CNI_Policy"
          ]
        }
      ]
    },
    {
      "mode": "managed",
      "type": "aws_iam_role",
      "name": "eks_cluster",
      "provider": "provider.aws",
      "instances": [
        {
          "schema_version": 0,
          "attributes": {
            "arn": "arn:aws:iam::093157296769:role/eks-cluster",
            "assume_role_policy": "{\"Version\":\"2012-10-17\",\"Statement\":[{\"Effect\":\"Allow\",\"Principal\":{\"Service\":\"eks.amazonaws.com\"},\"Action\":\"sts:AssumeRole\"}]}",
            "create_date": "2020-11-12T19:39:24Z",
            "description": "",
            "force_detach_policies": false,
            "id": "eks-cluster",
            "max_session_duration": 3600,
            "name": "eks-cluster",
            "name_prefix": null,
            "path": "/",
            "permissions_boundary": null,
            "tags": {},
            "unique_id": "AROARLME3RKAUAJRTIB36"
          },
          "private": "bnVsbA=="
        }
      ]
    },
    {
      "mode": "managed",
      "type": "aws_iam_role",
      "name": "eks_nodes",
      "provider": "provider.aws",
      "instances": [
        {
          "schema_version": 0,
          "attributes": {
            "arn": "arn:aws:iam::093157296769:role/eks-node-group-tuto",
            "assume_role_policy": "{\"Version\":\"2012-10-17\",\"Statement\":[{\"Effect\":\"Allow\",\"Principal\":{\"Service\":\"ec2.amazonaws.com\"},\"Action\":\"sts:AssumeRole\"}]}",
            "create_date": "2020-11-12T19:39:24Z",
            "description": "",
            "force_detach_policies": false,
            "id": "eks-node-group-tuto",
            "max_session_duration": 3600,
            "name": "eks-node-group-tuto",
            "name_prefix": null,
            "path": "/",
            "permissions_boundary": null,
            "tags": {},
            "unique_id": "AROARLME3RKA6IWDDKTWI"
          },
          "private": "bnVsbA=="
        }
      ]
    },
    {
      "mode": "managed",
      "type": "aws_iam_role_policy_attachment",
      "name": "AmazonEC2ContainerRegistryReadOnly",
      "provider": "provider.aws",
      "instances": [
        {
          "schema_version": 0,
          "attributes": {
            "id": "eks-node-group-tuto-20201112193925752600000002",
            "policy_arn": "arn:aws:iam::aws:policy/AmazonEC2ContainerRegistryReadOnly",
            "role": "eks-node-group-tuto"
          },
          "private": "bnVsbA==",
          "dependencies": [
            "aws_iam_role.eks_nodes"
          ]
        }
      ]
    },
    {
      "mode": "managed",
      "type": "aws_iam_role_policy_attachment",
      "name": "AmazonEKSClusterPolicy",
      "provider": "provider.aws",
      "instances": [
        {
          "schema_version": 0,
          "attributes": {
            "id": "eks-cluster-20201112193926209900000004",
            "policy_arn": "arn:aws:iam::aws:policy/AmazonEKSClusterPolicy",
            "role": "eks-cluster"
          },
          "private": "bnVsbA==",
          "dependencies": [
            "aws_iam_role.eks_cluster"
          ]
        }
      ]
    },
    {
      "mode": "managed",
      "type": "aws_iam_role_policy_attachment",
      "name": "AmazonEKSServicePolicy",
      "provider": "provider.aws",
      "instances": [
        {
          "schema_version": 0,
          "attributes": {
            "id": "eks-cluster-20201112193926079500000003",
            "policy_arn": "arn:aws:iam::aws:policy/AmazonEKSServicePolicy",
            "role": "eks-cluster"
          },
          "private": "bnVsbA==",
          "dependencies": [
            "aws_iam_role.eks_cluster"
          ]
        }
      ]
    },
    {
      "mode": "managed",
      "type": "aws_iam_role_policy_attachment",
      "name": "AmazonEKSWorkerNodePolicy",
      "provider": "provider.aws",
      "instances": [
        {
          "schema_version": 0,
          "attributes": {
            "id": "eks-node-group-tuto-20201112193925726700000001",
            "policy_arn": "arn:aws:iam::aws:policy/AmazonEKSWorkerNodePolicy",
            "role": "eks-node-group-tuto"
          },
          "private": "bnVsbA==",
          "dependencies": [
            "aws_iam_role.eks_nodes"
          ]
        }
      ]
    },
    {
      "mode": "managed",
      "type": "aws_iam_role_policy_attachment",
      "name": "AmazonEKS_CNI_Policy",
      "provider": "provider.aws",
      "instances": [
        {
          "schema_version": 0,
          "attributes": {
            "id": "eks-node-group-tuto-20201112193926597200000005",
            "policy_arn": "arn:aws:iam::aws:policy/AmazonEKS_CNI_Policy",
            "role": "eks-node-group-tuto"
          },
          "private": "bnVsbA==",
          "dependencies": [
            "aws_iam_role.eks_nodes"
          ]
        }
      ]
    }
  ]
}
